// !$*UTF8*$!
{
	archiveVersion = 1;
	classes = {
	};
	objectVersion = 46;
	objects = {

/* Begin PBXBuildFile section */
		72F7DF111567EA4000500D63 /* UIKit.framework in Frameworks */ = {isa = PBXBuildFile; fileRef = 72F7DF101567EA4000500D63 /* UIKit.framework */; };
		72F7DF131567EA4000500D63 /* Foundation.framework in Frameworks */ = {isa = PBXBuildFile; fileRef = 72F7DF121567EA4000500D63 /* Foundation.framework */; };
		72F7DF151567EA4000500D63 /* CoreGraphics.framework in Frameworks */ = {isa = PBXBuildFile; fileRef = 72F7DF141567EA4000500D63 /* CoreGraphics.framework */; };
		72F7DF1B1567EA4100500D63 /* InfoPlist.strings in Resources */ = {isa = PBXBuildFile; fileRef = 72F7DF191567EA4100500D63 /* InfoPlist.strings */; };
		72F7DF1D1567EA4100500D63 /* main.m in Sources */ = {isa = PBXBuildFile; fileRef = 72F7DF1C1567EA4100500D63 /* main.m */; };
		72F7DF211567EA4100500D63 /* engagementAppDelegate.m in Sources */ = {isa = PBXBuildFile; fileRef = 72F7DF201567EA4100500D63 /* engagementAppDelegate.m */; };
		72F7DF241567EA4100500D63 /* MainStoryboard_iPhone.storyboard in Resources */ = {isa = PBXBuildFile; fileRef = 72F7DF221567EA4100500D63 /* MainStoryboard_iPhone.storyboard */; };
		72F7DF271567EA4100500D63 /* MainStoryboard_iPad.storyboard in Resources */ = {isa = PBXBuildFile; fileRef = 72F7DF251567EA4100500D63 /* MainStoryboard_iPad.storyboard */; };
		72F7DF2A1567EA4100500D63 /* engagementViewController.m in Sources */ = {isa = PBXBuildFile; fileRef = 72F7DF291567EA4100500D63 /* engagementViewController.m */; };
/* End PBXBuildFile section */

/* Begin PBXFileReference section */
		72F7DF0C1567EA4000500D63 /* engagement.app */ = {isa = PBXFileReference; explicitFileType = wrapper.application; includeInIndex = 0; path = engagement.app; sourceTree = BUILT_PRODUCTS_DIR; };
		72F7DF101567EA4000500D63 /* UIKit.framework */ = {isa = PBXFileReference; lastKnownFileType = wrapper.framework; name = UIKit.framework; path = System/Library/Frameworks/UIKit.framework; sourceTree = SDKROOT; };
		72F7DF121567EA4000500D63 /* Foundation.framework */ = {isa = PBXFileReference; lastKnownFileType = wrapper.framework; name = Foundation.framework; path = System/Library/Frameworks/Foundation.framework; sourceTree = SDKROOT; };
		72F7DF141567EA4000500D63 /* CoreGraphics.framework */ = {isa = PBXFileReference; lastKnownFileType = wrapper.framework; name = CoreGraphics.framework; path = System/Library/Frameworks/CoreGraphics.framework; sourceTree = SDKROOT; };
		72F7DF181567EA4100500D63 /* engagement-Info.plist */ = {isa = PBXFileReference; path = "engagement-Info.plist"; sourceTree = "<group>"; };
		72F7DF1A1567EA4100500D63 /* en */ = {isa = PBXFileReference; lastKnownFileType = text.plist.strings; name = en; path = en.lproj/InfoPlist.strings; sourceTree = "<group>"; };
		72F7DF1C1567EA4100500D63 /* main.m */ = {isa = PBXFileReference; lastKnownFileType = sourcecode.c.objc; path = main.m; sourceTree = "<group>"; };
		72F7DF1E1567EA4100500D63 /* engagement-Prefix.pch */ = {isa = PBXFileReference; path = "engagement-Prefix.pch"; sourceTree = "<group>"; };
		72F7DF1F1567EA4100500D63 /* engagementAppDelegate.h */ = {isa = PBXFileReference; path = engagementAppDelegate.h; sourceTree = "<group>"; };
		72F7DF201567EA4100500D63 /* engagementAppDelegate.m */ = {isa = PBXFileReference; lastKnownFileType = sourcecode.c.objc; path = engagementAppDelegate.m; sourceTree = "<group>"; };
		72F7DF231567EA4100500D63 /* en */ = {isa = PBXFileReference; lastKnownFileType = file.storyboard; name = en; path = en.lproj/MainStoryboard_iPhone.storyboard; sourceTree = "<group>"; };
		72F7DF261567EA4100500D63 /* en */ = {isa = PBXFileReference; lastKnownFileType = file.storyboard; name = en; path = en.lproj/MainStoryboard_iPad.storyboard; sourceTree = "<group>"; };
		72F7DF281567EA4100500D63 /* engagementViewController.h */ = {isa = PBXFileReference; path = engagementViewController.h; sourceTree = "<group>"; };
		72F7DF291567EA4100500D63 /* engagementViewController.m */ = {isa = PBXFileReference; lastKnownFileType = sourcecode.c.objc; path = engagementViewController.m; sourceTree = "<group>"; };
/* End PBXFileReference section */

/* Begin PBXFrameworksBuildPhase section */
		72F7DF091567EA4000500D63 /* Frameworks */ = {
			isa = PBXFrameworksBuildPhase;
			buildActionMask = 2147483647;
			files = (
				72F7DF111567EA4000500D63 /* UIKit.framework in Frameworks */,
				72F7DF131567EA4000500D63 /* Foundation.framework in Frameworks */,
				72F7DF151567EA4000500D63 /* CoreGraphics.framework in Frameworks */,
			);
			runOnlyForDeploymentPostprocessing = 0;
		};
/* End PBXFrameworksBuildPhase section */

/* Begin PBXGroup section */
		72F7DF011567EA4000500D63 = {
			isa = PBXGroup;
			children = (
				72F7DF161567EA4000500D63 /* engagement */,
				72F7DF0F1567EA4000500D63 /* Frameworks */,
				72F7DF0D1567EA4000500D63 /* Products */,
			);
			sourceTree = "<group>";
		};
		72F7DF0D1567EA4000500D63 /* Products */ = {
			isa = PBXGroup;
			children = (
				72F7DF0C1567EA4000500D63 /* engagement.app */,
			);
			name = Products;
			sourceTree = "<group>";
		};
		72F7DF0F1567EA4000500D63 /* Frameworks */ = {
			isa = PBXGroup;
			children = (
				72F7DF101567EA4000500D63 /* UIKit.framework */,
				72F7DF121567EA4000500D63 /* Foundation.framework */,
				72F7DF141567EA4000500D63 /* CoreGraphics.framework */,
			);
			name = Frameworks;
			sourceTree = "<group>";
		};
		72F7DF161567EA4000500D63 /* engagement */ = {
			isa = PBXGroup;
			children = (
				72F7DF1F1567EA4100500D63 /* engagementAppDelegate.h */,
				72F7DF201567EA4100500D63 /* engagementAppDelegate.m */,
				72F7DF221567EA4100500D63 /* MainStoryboard_iPhone.storyboard */,
				72F7DF251567EA4100500D63 /* MainStoryboard_iPad.storyboard */,
				72F7DF281567EA4100500D63 /* engagementViewController.h */,
				72F7DF291567EA4100500D63 /* engagementViewController.m */,
				72F7DF171567EA4100500D63 /* Supporting Files */,
			);
			path = engagement;
			sourceTree = "<group>";
		};
		72F7DF171567EA4100500D63 /* Supporting Files */ = {
			isa = PBXGroup;
			children = (
				72F7DF181567EA4100500D63 /* engagement-Info.plist */,
				72F7DF191567EA4100500D63 /* InfoPlist.strings */,
				72F7DF1C1567EA4100500D63 /* main.m */,
				72F7DF1E1567EA4100500D63 /* engagement-Prefix.pch */,
			);
			name = "Supporting Files";
			sourceTree = "<group>";
		};
/* End PBXGroup section */

/* Begin PBXNativeTarget section */
		72F7DF0B1567EA4000500D63 /* engagement */ = {
			isa = PBXNativeTarget;
			buildConfigurationList = 72F7DF2D1567EA4100500D63 /* Build configuration list for PBXNativeTarget "engagement" */;
			buildPhases = (
				72F7DF081567EA4000500D63 /* Sources */,
				72F7DF091567EA4000500D63 /* Frameworks */,
				72F7DF0A1567EA4000500D63 /* Resources */,
			);
			buildRules = (
			);
			dependencies = (
			);
			name = engagement;
			productName = engagement;
			productReference = 72F7DF0C1567EA4000500D63 /* engagement.app */;
			productType = "com.apple.product-type.application";
		};
/* End PBXNativeTarget section */

/* Begin PBXProject section */
		72F7DF031567EA4000500D63 /* Project object */ = {
			isa = PBXProject;
			attributes = {
				LastUpgradeCheck = 0420;
			};
			buildConfigurationList = 72F7DF061567EA4000500D63 /* Build configuration list for PBXProject "engagement" */;
			compatibilityVersion = "Xcode 3.2";
			developmentRegion = English;
			hasScannedForEncodings = 0;
			knownRegions = (
				en,
			);
			mainGroup = 72F7DF011567EA4000500D63;
			productRefGroup = 72F7DF0D1567EA4000500D63 /* Products */;
			projectDirPath = "";
			projectRoot = "";
			targets = (
				72F7DF0B1567EA4000500D63 /* engagement */,
			);
		};
/* End PBXProject section */

/* Begin PBXResourcesBuildPhase section */
		72F7DF0A1567EA4000500D63 /* Resources */ = {
			isa = PBXResourcesBuildPhase;
			buildActionMask = 2147483647;
			files = (
				72F7DF1B1567EA4100500D63 /* InfoPlist.strings in Resources */,
				72F7DF241567EA4100500D63 /* MainStoryboard_iPhone.storyboard in Resources */,
				72F7DF271567EA4100500D63 /* MainStoryboard_iPad.storyboard in Resources */,
			);
			runOnlyForDeploymentPostprocessing = 0;
		};
/* End PBXResourcesBuildPhase section */

/* Begin PBXSourcesBuildPhase section */
		72F7DF081567EA4000500D63 /* Sources */ = {
			isa = PBXSourcesBuildPhase;
			buildActionMask = 2147483647;
			files = (
				72F7DF1D1567EA4100500D63 /* main.m in Sources */,
				72F7DF211567EA4100500D63 /* engagementAppDelegate.m in Sources */,
				72F7DF2A1567EA4100500D63 /* engagementViewController.m in Sources */,
			);
			runOnlyForDeploymentPostprocessing = 0;
		};
/* End PBXSourcesBuildPhase section */

/* Begin PBXVariantGroup section */
		72F7DF191567EA4100500D63 /* InfoPlist.strings */ = {
			isa = PBXVariantGroup;
			children = (
				72F7DF1A1567EA4100500D63 /* en */,
			);
			name = InfoPlist.strings;
			sourceTree = "<group>";
		};
		72F7DF221567EA4100500D63 /* MainStoryboard_iPhone.storyboard */ = {
			isa = PBXVariantGroup;
			children = (
				72F7DF231567EA4100500D63 /* en */,
			);
			name = MainStoryboard_iPhone.storyboard;
			sourceTree = "<group>";
		};
		72F7DF251567EA4100500D63 /* MainStoryboard_iPad.storyboard */ = {
			isa = PBXVariantGroup;
			children = (
				72F7DF261567EA4100500D63 /* en */,
			);
			name = MainStoryboard_iPad.storyboard;
			sourceTree = "<group>";
		};
/* End PBXVariantGroup section */

/* Begin XCBuildConfiguration section */
		72F7DF2B1567EA4100500D63 /* Debug */ = {
			isa = XCBuildConfiguration;
			buildSettings = {
				ALWAYS_SEARCH_USER_PATHS = NO;
				ARCHS = "$(ARCHS_STANDARD_32_BIT)";
				CLANG_ENABLE_OBJC_ARC = YES;
				"CODE_SIGN_IDENTITY[sdk=iphoneos*]" = "iPhone Developer";
				COPY_PHASE_STRIP = NO;
				GCC_C_LANGUAGE_STANDARD = gnu99;
				GCC_DYNAMIC_NO_PIC = NO;
				GCC_OPTIMIZATION_LEVEL = 0;
				GCC_PREPROCESSOR_DEFINITIONS = (
					"DEBUG=1",
					"$(inherited)",
				);
				GCC_SYMBOLS_PRIVATE_EXTERN = NO;
				GCC_VERSION = com.apple.compilers.llvm.clang.1_0;
				GCC_WARN_ABOUT_MISSING_PROTOTYPES = YES;
				GCC_WARN_ABOUT_RETURN_TYPE = YES;
				GCC_WARN_UNUSED_VARIABLE = YES;
				IPHONEOS_DEPLOYMENT_TARGET = 5.0;
				SDKROOT = iphoneos;
				TARGETED_DEVICE_FAMILY = "1,2";
			};
			name = Debug;
		};
		72F7DF2C1567EA4100500D63 /* Release */ = {
			isa = XCBuildConfiguration;
			buildSettings = {
				ALWAYS_SEARCH_USER_PATHS = NO;
				ARCHS = "$(ARCHS_STANDARD_32_BIT)";
				CLANG_ENABLE_OBJC_ARC = YES;
				"CODE_SIGN_IDENTITY[sdk=iphoneos*]" = "iPhone Developer";
				COPY_PHASE_STRIP = YES;
				GCC_C_LANGUAGE_STANDARD = gnu99;
				GCC_VERSION = com.apple.compilers.llvm.clang.1_0;
				GCC_WARN_ABOUT_MISSING_PROTOTYPES = YES;
				GCC_WARN_ABOUT_RETURN_TYPE = YES;
				GCC_WARN_UNUSED_VARIABLE = YES;
				IPHONEOS_DEPLOYMENT_TARGET = 5.0;
				OTHER_CFLAGS = "-DNS_BLOCK_ASSERTIONS=1";
				SDKROOT = iphoneos;
				TARGETED_DEVICE_FAMILY = "1,2";
				VALIDATE_PRODUCT = YES;
			};
			name = Release;
		};
		72F7DF2E1567EA4100500D63 /* Debug */ = {
			isa = XCBuildConfiguration;
			buildSettings = {
				GCC_PRECOMPILE_PREFIX_HEADER = YES;
				GCC_PREFIX_HEADER = "engagement/engagement-Prefix.pch";
				INFOPLIST_FILE = "engagement/engagement-Info.plist";
				PRODUCT_NAME = "$(TARGET_NAME)";
				WRAPPER_EXTENSION = app;
			};
			name = Debug;
		};
		72F7DF2F1567EA4100500D63 /* Release */ = {
			isa = XCBuildConfiguration;
			buildSettings = {
				GCC_PRECOMPILE_PREFIX_HEADER = YES;
				GCC_PREFIX_HEADER = "engagement/engagement-Prefix.pch";
				INFOPLIST_FILE = "engagement/engagement-Info.plist";
				PRODUCT_NAME = "$(TARGET_NAME)";
				WRAPPER_EXTENSION = app;
			};
			name = Release;
		};
/* End XCBuildConfiguration section */

/* Begin XCConfigurationList section */
		72F7DF061567EA4000500D63 /* Build configuration list for PBXProject "engagement" */ = {
			isa = XCConfigurationList;
			buildConfigurations = (
				72F7DF2B1567EA4100500D63 /* Debug */,
				72F7DF2C1567EA4100500D63 /* Release */,
			);
			defaultConfigurationIsVisible = 0;
			defaultConfigurationName = Release;
		};
		72F7DF2D1567EA4100500D63 /* Build configuration list for PBXNativeTarget "engagement" */ = {
			isa = XCConfigurationList;
			buildConfigurations = (
				72F7DF2E1567EA4100500D63 /* Debug */,
				72F7DF2F1567EA4100500D63 /* Release */,
			);
			defaultConfigurationIsVisible = 0;
		};
/* End XCConfigurationList section */
	};
	rootObject = 72F7DF031567EA4000500D63 /* Project object */;
}
