// !$*UTF8*$!
{
	archiveVersion = 1;
	classes = {
	};
	objectVersion = 46;
	objects = {

/* Begin PBXBuildFile section */
		720F5D831576702500C74BC5 /* goodbye.m in Sources */ = {isa = PBXBuildFile; fileRef = 720F5D821576702500C74BC5 /* goodbye.m */; };
		7217E46E15B9B2EF00B09FD6 /* forge.jpg in Resources */ = {isa = PBXBuildFile; fileRef = 7217E46A15B9B2EF00B09FD6 /* forge.jpg */; };
		7217E46F15B9B2EF00B09FD6 /* picture.m in Sources */ = {isa = PBXBuildFile; fileRef = 7217E46C15B9B2EF00B09FD6 /* picture.m */; };
		7217E47015B9B2EF00B09FD6 /* pie.png in Resources */ = {isa = PBXBuildFile; fileRef = 7217E46D15B9B2EF00B09FD6 /* pie.png */; };
		724118A51580EB7E002FC139 /* instruction.m in Sources */ = {isa = PBXBuildFile; fileRef = 724118A41580EB7E002FC139 /* instruction.m */; };
		724118A91580F03B002FC139 /* multipleChoice.m in Sources */ = {isa = PBXBuildFile; fileRef = 724118A81580F03A002FC139 /* multipleChoice.m */; };
		7243CCB215B0502D00C9E9EB /* sampleQuestionList.txt in Resources */ = {isa = PBXBuildFile; fileRef = 7243CCB115B0502D00C9E9EB /* sampleQuestionList.txt */; };
		724F0807157416CB007082CE /* DropboxSDK.framework in Frameworks */ = {isa = PBXBuildFile; fileRef = 724F0806157416CB007082CE /* DropboxSDK.framework */; };
		724F080C15741858007082CE /* Security.framework in Frameworks */ = {isa = PBXBuildFile; fileRef = 724F080B15741858007082CE /* Security.framework */; };
		724F080E15741F1F007082CE /* QuartzCore.framework in Frameworks */ = {isa = PBXBuildFile; fileRef = 724F080D15741F1F007082CE /* QuartzCore.framework */; };
		7264E49915796595000784A2 /* newSlider.m in Sources */ = {isa = PBXBuildFile; fileRef = 7264E49815796595000784A2 /* newSlider.m */; };
		727362CF1580E0C600F4B689 /* numberFill.m in Sources */ = {isa = PBXBuildFile; fileRef = 727362CE1580E0C600F4B689 /* numberFill.m */; };
		727B5500157E55DA004D13D1 /* questionParser.m in Sources */ = {isa = PBXBuildFile; fileRef = 727B54FF157E55DA004D13D1 /* questionParser.m */; };
		72973528157F6D640051AD29 /* wordFill.m in Sources */ = {isa = PBXBuildFile; fileRef = 72973527157F6D640051AD29 /* wordFill.m */; };
		72BB7867158142C200047EEA /* questionSelector.m in Sources */ = {isa = PBXBuildFile; fileRef = 72BB7866158142C200047EEA /* questionSelector.m */; };
		72F7DF111567EA4000500D63 /* UIKit.framework in Frameworks */ = {isa = PBXBuildFile; fileRef = 72F7DF101567EA4000500D63 /* UIKit.framework */; };
		72F7DF131567EA4000500D63 /* Foundation.framework in Frameworks */ = {isa = PBXBuildFile; fileRef = 72F7DF121567EA4000500D63 /* Foundation.framework */; };
		72F7DF151567EA4000500D63 /* CoreGraphics.framework in Frameworks */ = {isa = PBXBuildFile; fileRef = 72F7DF141567EA4000500D63 /* CoreGraphics.framework */; };
		72F7DF1B1567EA4100500D63 /* InfoPlist.strings in Resources */ = {isa = PBXBuildFile; fileRef = 72F7DF191567EA4100500D63 /* InfoPlist.strings */; };
		72F7DF1D1567EA4100500D63 /* main.m in Sources */ = {isa = PBXBuildFile; fileRef = 72F7DF1C1567EA4100500D63 /* main.m */; };
		72F7DF211567EA4100500D63 /* engagementAppDelegate.m in Sources */ = {isa = PBXBuildFile; fileRef = 72F7DF201567EA4100500D63 /* engagementAppDelegate.m */; };
		72F7DF271567EA4100500D63 /* MainStoryboard_iPad.storyboard in Resources */ = {isa = PBXBuildFile; fileRef = 72F7DF251567EA4100500D63 /* MainStoryboard_iPad.storyboard */; };
		72F7DF2A1567EA4100500D63 /* engagementViewController.m in Sources */ = {isa = PBXBuildFile; fileRef = 72F7DF291567EA4100500D63 /* engagementViewController.m */; };
		72F7DF421567F01000500D63 /* QuestionData.m in Sources */ = {isa = PBXBuildFile; fileRef = 72F7DF411567F01000500D63 /* QuestionData.m */; };
/* End PBXBuildFile section */

/* Begin PBXFileReference section */
		720F5D811576702500C74BC5 /* goodbye.h */ = {isa = PBXFileReference; fileEncoding = 4; lastKnownFileType = sourcecode.c.h; path = goodbye.h; sourceTree = "<group>"; };
		720F5D821576702500C74BC5 /* goodbye.m */ = {isa = PBXFileReference; fileEncoding = 4; lastKnownFileType = sourcecode.c.objc; path = goodbye.m; sourceTree = "<group>"; };
		7217E46A15B9B2EF00B09FD6 /* forge.jpg */ = {isa = PBXFileReference; lastKnownFileType = image.jpeg; path = forge.jpg; sourceTree = "<group>"; };
		7217E46B15B9B2EF00B09FD6 /* picture.h */ = {isa = PBXFileReference; fileEncoding = 4; lastKnownFileType = sourcecode.c.h; path = picture.h; sourceTree = "<group>"; };
		7217E46C15B9B2EF00B09FD6 /* picture.m */ = {isa = PBXFileReference; fileEncoding = 4; lastKnownFileType = sourcecode.c.objc; path = picture.m; sourceTree = "<group>"; };
		7217E46D15B9B2EF00B09FD6 /* pie.png */ = {isa = PBXFileReference; lastKnownFileType = image.png; path = pie.png; sourceTree = "<group>"; };
		724118A31580EB7E002FC139 /* instruction.h */ = {isa = PBXFileReference; fileEncoding = 4; lastKnownFileType = sourcecode.c.h; path = instruction.h; sourceTree = "<group>"; };
		724118A41580EB7E002FC139 /* instruction.m */ = {isa = PBXFileReference; fileEncoding = 4; lastKnownFileType = sourcecode.c.objc; path = instruction.m; sourceTree = "<group>"; };
		724118A71580F03A002FC139 /* multipleChoice.h */ = {isa = PBXFileReference; fileEncoding = 4; lastKnownFileType = sourcecode.c.h; path = multipleChoice.h; sourceTree = "<group>"; };
		724118A81580F03A002FC139 /* multipleChoice.m */ = {isa = PBXFileReference; fileEncoding = 4; lastKnownFileType = sourcecode.c.objc; path = multipleChoice.m; sourceTree = "<group>"; };
		7243CCB115B0502D00C9E9EB /* sampleQuestionList.txt */ = {isa = PBXFileReference; fileEncoding = 4; lastKnownFileType = text; path = sampleQuestionList.txt; sourceTree = "<group>"; };
		724F0806157416CB007082CE /* DropboxSDK.framework */ = {isa = PBXFileReference; lastKnownFileType = wrapper.framework; name = DropboxSDK.framework; path = engagement/DropboxSDK.framework; sourceTree = "<group>"; };
		724F080B15741858007082CE /* Security.framework */ = {isa = PBXFileReference; lastKnownFileType = wrapper.framework; name = Security.framework; path = System/Library/Frameworks/Security.framework; sourceTree = SDKROOT; };
		724F080D15741F1F007082CE /* QuartzCore.framework */ = {isa = PBXFileReference; lastKnownFileType = wrapper.framework; name = QuartzCore.framework; path = System/Library/Frameworks/QuartzCore.framework; sourceTree = SDKROOT; };
		7264E49715796595000784A2 /* newSlider.h */ = {isa = PBXFileReference; fileEncoding = 4; lastKnownFileType = sourcecode.c.h; path = newSlider.h; sourceTree = "<group>"; };
		7264E49815796595000784A2 /* newSlider.m */ = {isa = PBXFileReference; fileEncoding = 4; lastKnownFileType = sourcecode.c.objc; path = newSlider.m; sourceTree = "<group>"; };
		727362CD1580E0C600F4B689 /* numberFill.h */ = {isa = PBXFileReference; fileEncoding = 4; lastKnownFileType = sourcecode.c.h; path = numberFill.h; sourceTree = "<group>"; };
		727362CE1580E0C600F4B689 /* numberFill.m */ = {isa = PBXFileReference; fileEncoding = 4; lastKnownFileType = sourcecode.c.objc; path = numberFill.m; sourceTree = "<group>"; };
		727B54FE157E55DA004D13D1 /* questionParser.h */ = {isa = PBXFileReference; fileEncoding = 4; lastKnownFileType = sourcecode.c.h; path = questionParser.h; sourceTree = "<group>"; };
		727B54FF157E55DA004D13D1 /* questionParser.m */ = {isa = PBXFileReference; fileEncoding = 4; lastKnownFileType = sourcecode.c.objc; path = questionParser.m; sourceTree = "<group>"; };
		72973526157F6D640051AD29 /* wordFill.h */ = {isa = PBXFileReference; fileEncoding = 4; lastKnownFileType = sourcecode.c.h; path = wordFill.h; sourceTree = "<group>"; };
		72973527157F6D640051AD29 /* wordFill.m */ = {isa = PBXFileReference; fileEncoding = 4; lastKnownFileType = sourcecode.c.objc; path = wordFill.m; sourceTree = "<group>"; };
		72BB7865158142C200047EEA /* questionSelector.h */ = {isa = PBXFileReference; fileEncoding = 4; lastKnownFileType = sourcecode.c.h; path = questionSelector.h; sourceTree = "<group>"; };
		72BB7866158142C200047EEA /* questionSelector.m */ = {isa = PBXFileReference; fileEncoding = 4; lastKnownFileType = sourcecode.c.objc; path = questionSelector.m; sourceTree = "<group>"; };
		72F7DF0C1567EA4000500D63 /* questionnaires.app */ = {isa = PBXFileReference; explicitFileType = wrapper.application; includeInIndex = 0; path = questionnaires.app; sourceTree = BUILT_PRODUCTS_DIR; };
		72F7DF101567EA4000500D63 /* UIKit.framework */ = {isa = PBXFileReference; lastKnownFileType = wrapper.framework; name = UIKit.framework; path = System/Library/Frameworks/UIKit.framework; sourceTree = SDKROOT; };
		72F7DF121567EA4000500D63 /* Foundation.framework */ = {isa = PBXFileReference; lastKnownFileType = wrapper.framework; name = Foundation.framework; path = System/Library/Frameworks/Foundation.framework; sourceTree = SDKROOT; };
		72F7DF141567EA4000500D63 /* CoreGraphics.framework */ = {isa = PBXFileReference; lastKnownFileType = wrapper.framework; name = CoreGraphics.framework; path = System/Library/Frameworks/CoreGraphics.framework; sourceTree = SDKROOT; };
		72F7DF181567EA4100500D63 /* engagement-Info.plist */ = {isa = PBXFileReference; lastKnownFileType = text.plist.xml; path = "engagement-Info.plist"; sourceTree = "<group>"; };
		72F7DF1A1567EA4100500D63 /* en */ = {isa = PBXFileReference; lastKnownFileType = text.plist.strings; name = en; path = en.lproj/InfoPlist.strings; sourceTree = "<group>"; };
		72F7DF1C1567EA4100500D63 /* main.m */ = {isa = PBXFileReference; lastKnownFileType = sourcecode.c.objc; path = main.m; sourceTree = "<group>"; };
		72F7DF1E1567EA4100500D63 /* engagement-Prefix.pch */ = {isa = PBXFileReference; lastKnownFileType = sourcecode.c.h; path = "engagement-Prefix.pch"; sourceTree = "<group>"; };
		72F7DF1F1567EA4100500D63 /* engagementAppDelegate.h */ = {isa = PBXFileReference; lastKnownFileType = sourcecode.c.h; path = engagementAppDelegate.h; sourceTree = "<group>"; };
		72F7DF201567EA4100500D63 /* engagementAppDelegate.m */ = {isa = PBXFileReference; lastKnownFileType = sourcecode.c.objc; path = engagementAppDelegate.m; sourceTree = "<group>"; };
		72F7DF261567EA4100500D63 /* en */ = {isa = PBXFileReference; lastKnownFileType = file.storyboard; name = en; path = en.lproj/MainStoryboard_iPad.storyboard; sourceTree = "<group>"; };
		72F7DF281567EA4100500D63 /* engagementViewController.h */ = {isa = PBXFileReference; lastKnownFileType = sourcecode.c.h; path = engagementViewController.h; sourceTree = "<group>"; };
		72F7DF291567EA4100500D63 /* engagementViewController.m */ = {isa = PBXFileReference; lastKnownFileType = sourcecode.c.objc; path = engagementViewController.m; sourceTree = "<group>"; };
		72F7DF401567F00F00500D63 /* QuestionData.h */ = {isa = PBXFileReference; fileEncoding = 4; lastKnownFileType = sourcecode.c.h; path = QuestionData.h; sourceTree = "<group>"; };
		72F7DF411567F01000500D63 /* QuestionData.m */ = {isa = PBXFileReference; fileEncoding = 4; lastKnownFileType = sourcecode.c.objc; path = QuestionData.m; sourceTree = "<group>"; };
/* End PBXFileReference section */

/* Begin PBXFrameworksBuildPhase section */
		72F7DF091567EA4000500D63 /* Frameworks */ = {
			isa = PBXFrameworksBuildPhase;
			buildActionMask = 2147483647;
			files = (
				724F080E15741F1F007082CE /* QuartzCore.framework in Frameworks */,
				724F080C15741858007082CE /* Security.framework in Frameworks */,
				72F7DF111567EA4000500D63 /* UIKit.framework in Frameworks */,
				72F7DF131567EA4000500D63 /* Foundation.framework in Frameworks */,
				72F7DF151567EA4000500D63 /* CoreGraphics.framework in Frameworks */,
				724F0807157416CB007082CE /* DropboxSDK.framework in Frameworks */,
			);
			runOnlyForDeploymentPostprocessing = 0;
		};
/* End PBXFrameworksBuildPhase section */

/* Begin PBXGroup section */
		72F7DF011567EA4000500D63 = {
			isa = PBXGroup;
			children = (
				72F7DF161567EA4000500D63 /* engagement */,
				72F7DF0F1567EA4000500D63 /* Frameworks */,
				72F7DF0D1567EA4000500D63 /* Products */,
			);
			sourceTree = "<group>";
		};
		72F7DF0D1567EA4000500D63 /* Products */ = {
			isa = PBXGroup;
			children = (
				72F7DF0C1567EA4000500D63 /* questionnaires.app */,
			);
			name = Products;
			sourceTree = "<group>";
		};
		72F7DF0F1567EA4000500D63 /* Frameworks */ = {
			isa = PBXGroup;
			children = (
				724F080D15741F1F007082CE /* QuartzCore.framework */,
				724F080B15741858007082CE /* Security.framework */,
				724F0806157416CB007082CE /* DropboxSDK.framework */,
				72F7DF101567EA4000500D63 /* UIKit.framework */,
				72F7DF121567EA4000500D63 /* Foundation.framework */,
				72F7DF141567EA4000500D63 /* CoreGraphics.framework */,
			);
			name = Frameworks;
			sourceTree = "<group>";
		};
		72F7DF161567EA4000500D63 /* engagement */ = {
			isa = PBXGroup;
			children = (
				72F7DF1F1567EA4100500D63 /* engagementAppDelegate.h */,
				72F7DF201567EA4100500D63 /* engagementAppDelegate.m */,
				72F7DF281567EA4100500D63 /* engagementViewController.h */,
				72F7DF291567EA4100500D63 /* engagementViewController.m */,
				720F5D811576702500C74BC5 /* goodbye.h */,
				720F5D821576702500C74BC5 /* goodbye.m */,
				724118A31580EB7E002FC139 /* instruction.h */,
				724118A41580EB7E002FC139 /* instruction.m */,
				72F7DF251567EA4100500D63 /* MainStoryboard_iPad.storyboard */,
				724118A71580F03A002FC139 /* multipleChoice.h */,
				724118A81580F03A002FC139 /* multipleChoice.m */,
				7264E49715796595000784A2 /* newSlider.h */,
				7264E49815796595000784A2 /* newSlider.m */,
				727362CD1580E0C600F4B689 /* numberFill.h */,
				727362CE1580E0C600F4B689 /* numberFill.m */,
				7217E46B15B9B2EF00B09FD6 /* picture.h */,
				7217E46C15B9B2EF00B09FD6 /* picture.m */,
				72F7DF401567F00F00500D63 /* QuestionData.h */,
				72F7DF411567F01000500D63 /* QuestionData.m */,
				727B54FE157E55DA004D13D1 /* questionParser.h */,
				727B54FF157E55DA004D13D1 /* questionParser.m */,
				72BB7865158142C200047EEA /* questionSelector.h */,
				72BB7866158142C200047EEA /* questionSelector.m */,
				72F7DF171567EA4100500D63 /* Supporting Files */,
				72973526157F6D640051AD29 /* wordFill.h */,
				72973527157F6D640051AD29 /* wordFill.m */,
			);
			path = engagement;
			sourceTree = "<group>";
		};
		72F7DF171567EA4100500D63 /* Supporting Files */ = {
			isa = PBXGroup;
			children = (
				72F7DF181567EA4100500D63 /* engagement-Info.plist */,
				72F7DF1E1567EA4100500D63 /* engagement-Prefix.pch */,
				7217E46A15B9B2EF00B09FD6 /* forge.jpg */,
				72F7DF191567EA4100500D63 /* InfoPlist.strings */,
				72F7DF1C1567EA4100500D63 /* main.m */,
				7217E46D15B9B2EF00B09FD6 /* pie.png */,
				7243CCB115B0502D00C9E9EB /* sampleQuestionList.txt */,
			);
			name = "Supporting Files";
			sourceTree = "<group>";
		};
/* End PBXGroup section */

/* Begin PBXNativeTarget section */
		72F7DF0B1567EA4000500D63 /* questionnaires */ = {
			isa = PBXNativeTarget;
			buildConfigurationList = 72F7DF2D1567EA4100500D63 /* Build configuration list for PBXNativeTarget "questionnaires" */;
			buildPhases = (
				72F7DF081567EA4000500D63 /* Sources */,
				72F7DF091567EA4000500D63 /* Frameworks */,
				72F7DF0A1567EA4000500D63 /* Resources */,
			);
			buildRules = (
			);
			dependencies = (
			);
			name = questionnaires;
			productName = engagement;
			productReference = 72F7DF0C1567EA4000500D63 /* questionnaires.app */;
			productType = "com.apple.product-type.application";
		};
/* End PBXNativeTarget section */

/* Begin PBXProject section */
		72F7DF031567EA4000500D63 /* Project object */ = {
			isa = PBXProject;
			attributes = {
				LastUpgradeCheck = 0420;
			};
			buildConfigurationList = 72F7DF061567EA4000500D63 /* Build configuration list for PBXProject "engagement" */;
			compatibilityVersion = "Xcode 3.2";
			developmentRegion = English;
			hasScannedForEncodings = 0;
			knownRegions = (
				en,
				English,
			);
			mainGroup = 72F7DF011567EA4000500D63;
			productRefGroup = 72F7DF0D1567EA4000500D63 /* Products */;
			projectDirPath = "";
			projectRoot = "";
			targets = (
				72F7DF0B1567EA4000500D63 /* questionnaires */,
			);
		};
/* End PBXProject section */

/* Begin PBXResourcesBuildPhase section */
		72F7DF0A1567EA4000500D63 /* Resources */ = {
			isa = PBXResourcesBuildPhase;
			buildActionMask = 2147483647;
			files = (
				72F7DF1B1567EA4100500D63 /* InfoPlist.strings in Resources */,
				72F7DF271567EA4100500D63 /* MainStoryboard_iPad.storyboard in Resources */,
				7243CCB215B0502D00C9E9EB /* sampleQuestionList.txt in Resources */,
				7217E46E15B9B2EF00B09FD6 /* forge.jpg in Resources */,
				7217E47015B9B2EF00B09FD6 /* pie.png in Resources */,
			);
			runOnlyForDeploymentPostprocessing = 0;
		};
/* End PBXResourcesBuildPhase section */

/* Begin PBXSourcesBuildPhase section */
		72F7DF081567EA4000500D63 /* Sources */ = {
			isa = PBXSourcesBuildPhase;
			buildActionMask = 2147483647;
			files = (
				72F7DF1D1567EA4100500D63 /* main.m in Sources */,
				72F7DF211567EA4100500D63 /* engagementAppDelegate.m in Sources */,
				72F7DF2A1567EA4100500D63 /* engagementViewController.m in Sources */,
				72F7DF421567F01000500D63 /* QuestionData.m in Sources */,
				720F5D831576702500C74BC5 /* goodbye.m in Sources */,
				7264E49915796595000784A2 /* newSlider.m in Sources */,
				727B5500157E55DA004D13D1 /* questionParser.m in Sources */,
				72973528157F6D640051AD29 /* wordFill.m in Sources */,
				727362CF1580E0C600F4B689 /* numberFill.m in Sources */,
				724118A51580EB7E002FC139 /* instruction.m in Sources */,
				724118A91580F03B002FC139 /* multipleChoice.m in Sources */,
				72BB7867158142C200047EEA /* questionSelector.m in Sources */,
				7217E46F15B9B2EF00B09FD6 /* picture.m in Sources */,
			);
			runOnlyForDeploymentPostprocessing = 0;
		};
/* End PBXSourcesBuildPhase section */

/* Begin PBXVariantGroup section */
		72F7DF191567EA4100500D63 /* InfoPlist.strings */ = {
			isa = PBXVariantGroup;
			children = (
				72F7DF1A1567EA4100500D63 /* en */,
			);
			name = InfoPlist.strings;
			sourceTree = "<group>";
		};
		72F7DF251567EA4100500D63 /* MainStoryboard_iPad.storyboard */ = {
			isa = PBXVariantGroup;
			children = (
				72F7DF261567EA4100500D63 /* en */,
			);
			name = MainStoryboard_iPad.storyboard;
			sourceTree = "<group>";
		};
/* End PBXVariantGroup section */

/* Begin XCBuildConfiguration section */
		72F7DF2B1567EA4100500D63 /* Debug */ = {
			isa = XCBuildConfiguration;
			buildSettings = {
				ALWAYS_SEARCH_USER_PATHS = NO;
				ARCHS = "$(ARCHS_STANDARD_32_BIT)";
				CLANG_ENABLE_OBJC_ARC = YES;
				"CODE_SIGN_IDENTITY[sdk=iphoneos*]" = "iPhone Developer";
				COPY_PHASE_STRIP = NO;
				GCC_C_LANGUAGE_STANDARD = gnu99;
				GCC_DYNAMIC_NO_PIC = NO;
				GCC_OPTIMIZATION_LEVEL = 0;
				GCC_PREPROCESSOR_DEFINITIONS = (
					"DEBUG=1",
					"$(inherited)",
				);
				GCC_SYMBOLS_PRIVATE_EXTERN = NO;
				GCC_VERSION = com.apple.compilers.llvm.clang.1_0;
				GCC_WARN_ABOUT_MISSING_PROTOTYPES = YES;
				GCC_WARN_ABOUT_RETURN_TYPE = YES;
				GCC_WARN_UNUSED_VARIABLE = YES;
				IPHONEOS_DEPLOYMENT_TARGET = 5.0;
				ONLY_ACTIVE_ARCH = NO;
				SDKROOT = iphoneos;
				TARGETED_DEVICE_FAMILY = "1,2";
			};
			name = Debug;
		};
		72F7DF2C1567EA4100500D63 /* Release */ = {
			isa = XCBuildConfiguration;
			buildSettings = {
				ALWAYS_SEARCH_USER_PATHS = NO;
				ARCHS = "$(ARCHS_STANDARD_32_BIT)";
				CLANG_ENABLE_OBJC_ARC = YES;
				"CODE_SIGN_IDENTITY[sdk=iphoneos*]" = "iPhone Developer";
				COPY_PHASE_STRIP = YES;
				GCC_C_LANGUAGE_STANDARD = gnu99;
				GCC_VERSION = com.apple.compilers.llvm.clang.1_0;
				GCC_WARN_ABOUT_MISSING_PROTOTYPES = YES;
				GCC_WARN_ABOUT_RETURN_TYPE = YES;
				GCC_WARN_UNUSED_VARIABLE = YES;
				IPHONEOS_DEPLOYMENT_TARGET = 5.0;
				ONLY_ACTIVE_ARCH = NO;
				OTHER_CFLAGS = "-DNS_BLOCK_ASSERTIONS=1";
				SDKROOT = iphoneos;
				TARGETED_DEVICE_FAMILY = "1,2";
				VALIDATE_PRODUCT = YES;
			};
			name = Release;
		};
		72F7DF2E1567EA4100500D63 /* Debug */ = {
			isa = XCBuildConfiguration;
			buildSettings = {
				FRAMEWORK_SEARCH_PATHS = (
					"$(inherited)",
					"\"$(SRCROOT)/engagement\"",
				);
				GCC_PRECOMPILE_PREFIX_HEADER = YES;
				GCC_PREFIX_HEADER = "engagement/engagement-Prefix.pch";
				INFOPLIST_FILE = "engagement/engagement-Info.plist";
				PRODUCT_NAME = "$(TARGET_NAME)";
				WRAPPER_EXTENSION = app;
			};
			name = Debug;
		};
		72F7DF2F1567EA4100500D63 /* Release */ = {
			isa = XCBuildConfiguration;
			buildSettings = {
				FRAMEWORK_SEARCH_PATHS = (
					"$(inherited)",
					"\"$(SRCROOT)/engagement\"",
				);
				GCC_PRECOMPILE_PREFIX_HEADER = YES;
				GCC_PREFIX_HEADER = "engagement/engagement-Prefix.pch";
				INFOPLIST_FILE = "engagement/engagement-Info.plist";
				PRODUCT_NAME = "$(TARGET_NAME)";
				WRAPPER_EXTENSION = app;
			};
			name = Release;
		};
/* End XCBuildConfiguration section */

/* Begin XCConfigurationList section */
		72F7DF061567EA4000500D63 /* Build configuration list for PBXProject "engagement" */ = {
			isa = XCConfigurationList;
			buildConfigurations = (
				72F7DF2B1567EA4100500D63 /* Debug */,
				72F7DF2C1567EA4100500D63 /* Release */,
			);
			defaultConfigurationIsVisible = 0;
			defaultConfigurationName = Release;
		};
		72F7DF2D1567EA4100500D63 /* Build configuration list for PBXNativeTarget "questionnaires" */ = {
			isa = XCConfigurationList;
			buildConfigurations = (
				72F7DF2E1567EA4100500D63 /* Debug */,
				72F7DF2F1567EA4100500D63 /* Release */,
			);
			defaultConfigurationIsVisible = 0;
			defaultConfigurationName = Release;
		};
/* End XCConfigurationList section */
	};
	rootObject = 72F7DF031567EA4000500D63 /* Project object */;
}
