// !$*UTF8*$!
{
	archiveVersion = 1;
	classes = {
	};
	objectVersion = 46;
	objects = {

/* Begin PBXBuildFile section */
		720F5D831576702500C74BC5 /* goodbye.m in Sources */ = {isa = PBXBuildFile; fileRef = 720F5D821576702500C74BC5 /* goodbye.m */; };
		7216AFFF165B233F00B78D18 /* pSpeech.m in Sources */ = {isa = PBXBuildFile; fileRef = 7216AFFE165B233F00B78D18 /* pSpeech.m */; };
		7216B003165B2DE900B78D18 /* pAudioNumberline.m in Sources */ = {isa = PBXBuildFile; fileRef = 7216B002165B2DE900B78D18 /* pAudioNumberline.m */; };
		7217E46F15B9B2EF00B09FD6 /* picture.m in Sources */ = {isa = PBXBuildFile; fileRef = 7217E46C15B9B2EF00B09FD6 /* picture.m */; };
		722844B915E1B58D004401CA /* badInFile.m in Sources */ = {isa = PBXBuildFile; fileRef = 722844B815E1B58C004401CA /* badInFile.m */; };
		724118A51580EB7E002FC139 /* instruction.m in Sources */ = {isa = PBXBuildFile; fileRef = 724118A41580EB7E002FC139 /* instruction.m */; };
		724F080C15741858007082CE /* Security.framework in Frameworks */ = {isa = PBXBuildFile; fileRef = 724F080B15741858007082CE /* Security.framework */; };
		724F080E15741F1F007082CE /* QuartzCore.framework in Frameworks */ = {isa = PBXBuildFile; fileRef = 724F080D15741F1F007082CE /* QuartzCore.framework */; };
		7264E49915796595000784A2 /* newSlider.m in Sources */ = {isa = PBXBuildFile; fileRef = 7264E49815796595000784A2 /* newSlider.m */; };
		727362CF1580E0C600F4B689 /* numberFill.m in Sources */ = {isa = PBXBuildFile; fileRef = 727362CE1580E0C600F4B689 /* numberFill.m */; };
		727B5500157E55DA004D13D1 /* questionParser.m in Sources */ = {isa = PBXBuildFile; fileRef = 727B54FF157E55DA004D13D1 /* questionParser.m */; };
		728B5E0C1662BF8C003FB1A2 /* InfoPlist.strings in Resources */ = {isa = PBXBuildFile; fileRef = 72F7DF191567EA4100500D63 /* InfoPlist.strings */; };
		7291AFC41658C4130076F9F5 /* DropboxSDK.framework in Frameworks */ = {isa = PBXBuildFile; fileRef = 7291AFC31658C4130076F9F5 /* DropboxSDK.framework */; };
		72936CF615EC591A00AFDC0A /* noAnimationSegue.m in Sources */ = {isa = PBXBuildFile; fileRef = 72936CF515EC591A00AFDC0A /* noAnimationSegue.m */; };
		729545A01656DC5700DBBC0F /* branchTo.m in Sources */ = {isa = PBXBuildFile; fileRef = 7295459F1656DC5700DBBC0F /* branchTo.m */; };
		729545A41656E4BA00DBBC0F /* titrationBranch.m in Sources */ = {isa = PBXBuildFile; fileRef = 729545A31656E4BA00DBBC0F /* titrationBranch.m */; };
		72973528157F6D640051AD29 /* wordFill.m in Sources */ = {isa = PBXBuildFile; fileRef = 72973527157F6D640051AD29 /* wordFill.m */; };
		729BE1C515F9BAF400F920B8 /* feedback.m in Sources */ = {isa = PBXBuildFile; fileRef = 729BE1C415F9BAF400F920B8 /* feedback.m */; };
		72A3070115FA3CA200749E14 /* titration.m in Sources */ = {isa = PBXBuildFile; fileRef = 72A3070015FA3CA200749E14 /* titration.m */; };
		72A6B0E415EFC3B100BAC90A /* audioNumberLine.m in Sources */ = {isa = PBXBuildFile; fileRef = 72A6B0E315EFC3B000BAC90A /* audioNumberLine.m */; };
		72BB7867158142C200047EEA /* questionSelector.m in Sources */ = {isa = PBXBuildFile; fileRef = 72BB7866158142C200047EEA /* questionSelector.m */; };
		72C7826D15C9E39C00378319 /* speech.m in Sources */ = {isa = PBXBuildFile; fileRef = 72C7826C15C9E39C00378319 /* speech.m */; };
		72C7833415C9EA2700378319 /* FliteTTS.m in Sources */ = {isa = PBXBuildFile; fileRef = 72C7827215C9EA2700378319 /* FliteTTS.m */; };
		72C783A115C9ED0800378319 /* AVFoundation.framework in Frameworks */ = {isa = PBXBuildFile; fileRef = 72C783A015C9ED0800378319 /* AVFoundation.framework */; };
		72F7DF111567EA4000500D63 /* UIKit.framework in Frameworks */ = {isa = PBXBuildFile; fileRef = 72F7DF101567EA4000500D63 /* UIKit.framework */; };
		72F7DF131567EA4000500D63 /* Foundation.framework in Frameworks */ = {isa = PBXBuildFile; fileRef = 72F7DF121567EA4000500D63 /* Foundation.framework */; };
		72F7DF151567EA4000500D63 /* CoreGraphics.framework in Frameworks */ = {isa = PBXBuildFile; fileRef = 72F7DF141567EA4000500D63 /* CoreGraphics.framework */; };
		72F7DF1D1567EA4100500D63 /* main.m in Sources */ = {isa = PBXBuildFile; fileRef = 72F7DF1C1567EA4100500D63 /* main.m */; };
		72F7DF211567EA4100500D63 /* engagementAppDelegate.m in Sources */ = {isa = PBXBuildFile; fileRef = 72F7DF201567EA4100500D63 /* engagementAppDelegate.m */; };
		72F7DF271567EA4100500D63 /* MainStoryboard_iPad.storyboard in Resources */ = {isa = PBXBuildFile; fileRef = 72F7DF251567EA4100500D63 /* MainStoryboard_iPad.storyboard */; };
		72F7DF2A1567EA4100500D63 /* engagementViewController.m in Sources */ = {isa = PBXBuildFile; fileRef = 72F7DF291567EA4100500D63 /* engagementViewController.m */; };
		72F7DF421567F01000500D63 /* QuestionData.m in Sources */ = {isa = PBXBuildFile; fileRef = 72F7DF411567F01000500D63 /* QuestionData.m */; };
		72FCAD2C161D44BB007E4242 /* instruction2.m in Sources */ = {isa = PBXBuildFile; fileRef = 72FCAD2B161D44BB007E4242 /* instruction2.m */; };
		E4349EFB162C5DD600FA7F18 /* branchOut.m in Sources */ = {isa = PBXBuildFile; fileRef = E4349EFA162C5DD600FA7F18 /* branchOut.m */; };
		E4349EFF162C5DFE00FA7F18 /* multipleChoice.m in Sources */ = {isa = PBXBuildFile; fileRef = E4349EFE162C5DFE00FA7F18 /* multipleChoice.m */; };
		E4349FAE162C5E8700FA7F18 /* au_none.c in Sources */ = {isa = PBXBuildFile; fileRef = E4349F2A162C5E8700FA7F18 /* au_none.c */; };
		E4349FAF162C5E8700FA7F18 /* au_streaming.c in Sources */ = {isa = PBXBuildFile; fileRef = E4349F2B162C5E8700FA7F18 /* au_streaming.c */; };
		E4349FB0162C5E8700FA7F18 /* audio.c in Sources */ = {isa = PBXBuildFile; fileRef = E4349F2C162C5E8700FA7F18 /* audio.c */; };
		E4349FB1162C5E8700FA7F18 /* cst_alloc.c in Sources */ = {isa = PBXBuildFile; fileRef = E4349F2D162C5E8700FA7F18 /* cst_alloc.c */; };
		E4349FB2162C5E8700FA7F18 /* cst_cart.c in Sources */ = {isa = PBXBuildFile; fileRef = E4349F2E162C5E8700FA7F18 /* cst_cart.c */; };
		E4349FB3162C5E8700FA7F18 /* cst_cg.c in Sources */ = {isa = PBXBuildFile; fileRef = E4349F2F162C5E8700FA7F18 /* cst_cg.c */; };
		E4349FB4162C5E8700FA7F18 /* cst_diphone.c in Sources */ = {isa = PBXBuildFile; fileRef = E4349F30162C5E8700FA7F18 /* cst_diphone.c */; };
		E4349FB5162C5E8700FA7F18 /* cst_endian.c in Sources */ = {isa = PBXBuildFile; fileRef = E4349F31162C5E8700FA7F18 /* cst_endian.c */; };
		E4349FB6162C5E8700FA7F18 /* cst_error.c in Sources */ = {isa = PBXBuildFile; fileRef = E4349F32162C5E8700FA7F18 /* cst_error.c */; };
		E4349FB7162C5E8700FA7F18 /* cst_features.c in Sources */ = {isa = PBXBuildFile; fileRef = E4349F33162C5E8700FA7F18 /* cst_features.c */; };
		E4349FB8162C5E8700FA7F18 /* cst_ffeature.c in Sources */ = {isa = PBXBuildFile; fileRef = E4349F34162C5E8700FA7F18 /* cst_ffeature.c */; };
		E4349FB9162C5E8700FA7F18 /* cst_ffeatures.c in Sources */ = {isa = PBXBuildFile; fileRef = E4349F35162C5E8700FA7F18 /* cst_ffeatures.c */; };
		E4349FBA162C5E8700FA7F18 /* cst_file_stdio.c in Sources */ = {isa = PBXBuildFile; fileRef = E4349F36162C5E8700FA7F18 /* cst_file_stdio.c */; };
		E4349FBB162C5E8700FA7F18 /* cst_item.c in Sources */ = {isa = PBXBuildFile; fileRef = E4349F37162C5E8700FA7F18 /* cst_item.c */; };
		E4349FBC162C5E8700FA7F18 /* cst_lexicon.c in Sources */ = {isa = PBXBuildFile; fileRef = E4349F38162C5E8700FA7F18 /* cst_lexicon.c */; };
		E4349FBD162C5E8700FA7F18 /* cst_lpcres.c in Sources */ = {isa = PBXBuildFile; fileRef = E4349F39162C5E8700FA7F18 /* cst_lpcres.c */; };
		E4349FBE162C5E8700FA7F18 /* cst_lts.c in Sources */ = {isa = PBXBuildFile; fileRef = E4349F3A162C5E8700FA7F18 /* cst_lts.c */; };
		E4349FBF162C5E8700FA7F18 /* cst_mlpg.c in Sources */ = {isa = PBXBuildFile; fileRef = E4349F3B162C5E8700FA7F18 /* cst_mlpg.c */; };
		E4349FC0162C5E8700FA7F18 /* cst_mlsa.c in Sources */ = {isa = PBXBuildFile; fileRef = E4349F3C162C5E8700FA7F18 /* cst_mlsa.c */; };
		E4349FC1162C5E8700FA7F18 /* cst_phoneset.c in Sources */ = {isa = PBXBuildFile; fileRef = E4349F3D162C5E8700FA7F18 /* cst_phoneset.c */; };
		E4349FC2162C5E8700FA7F18 /* cst_regex.c in Sources */ = {isa = PBXBuildFile; fileRef = E4349F3E162C5E8700FA7F18 /* cst_regex.c */; };
		E4349FC3162C5E8700FA7F18 /* cst_relation.c in Sources */ = {isa = PBXBuildFile; fileRef = E4349F3F162C5E8700FA7F18 /* cst_relation.c */; };
		E4349FC4162C5E8700FA7F18 /* cst_sigpr.c in Sources */ = {isa = PBXBuildFile; fileRef = E4349F40162C5E8700FA7F18 /* cst_sigpr.c */; };
		E4349FC5162C5E8700FA7F18 /* cst_string.c in Sources */ = {isa = PBXBuildFile; fileRef = E4349F41162C5E8700FA7F18 /* cst_string.c */; };
		E4349FC6162C5E8700FA7F18 /* cst_sts.c in Sources */ = {isa = PBXBuildFile; fileRef = E4349F42162C5E8700FA7F18 /* cst_sts.c */; };
		E4349FC7162C5E8700FA7F18 /* cst_synth.c in Sources */ = {isa = PBXBuildFile; fileRef = E4349F43162C5E8700FA7F18 /* cst_synth.c */; };
		E4349FC8162C5E8700FA7F18 /* cst_tokenstream.c in Sources */ = {isa = PBXBuildFile; fileRef = E4349F44162C5E8700FA7F18 /* cst_tokenstream.c */; };
		E4349FC9162C5E8700FA7F18 /* cst_track.c in Sources */ = {isa = PBXBuildFile; fileRef = E4349F45162C5E8700FA7F18 /* cst_track.c */; };
		E4349FCA162C5E8700FA7F18 /* cst_units.c in Sources */ = {isa = PBXBuildFile; fileRef = E4349F46162C5E8700FA7F18 /* cst_units.c */; };
		E4349FCB162C5E8700FA7F18 /* cst_utt_utils.c in Sources */ = {isa = PBXBuildFile; fileRef = E4349F47162C5E8700FA7F18 /* cst_utt_utils.c */; };
		E4349FCC162C5E8700FA7F18 /* cst_utterance.c in Sources */ = {isa = PBXBuildFile; fileRef = E4349F48162C5E8700FA7F18 /* cst_utterance.c */; };
		E4349FCD162C5E8700FA7F18 /* cst_val.c in Sources */ = {isa = PBXBuildFile; fileRef = E4349F49162C5E8700FA7F18 /* cst_val.c */; };
		E4349FCE162C5E8700FA7F18 /* cst_val_const.c in Sources */ = {isa = PBXBuildFile; fileRef = E4349F4A162C5E8700FA7F18 /* cst_val_const.c */; };
		E4349FCF162C5E8700FA7F18 /* cst_val_user.c in Sources */ = {isa = PBXBuildFile; fileRef = E4349F4B162C5E8700FA7F18 /* cst_val_user.c */; };
		E4349FD0162C5E8700FA7F18 /* cst_vc.c in Sources */ = {isa = PBXBuildFile; fileRef = E4349F4C162C5E8700FA7F18 /* cst_vc.c */; };
		E4349FD1162C5E8700FA7F18 /* cst_voice.c in Sources */ = {isa = PBXBuildFile; fileRef = E4349F4D162C5E8700FA7F18 /* cst_voice.c */; };
		E4349FD2162C5E8700FA7F18 /* cst_wave.c in Sources */ = {isa = PBXBuildFile; fileRef = E4349F4E162C5E8700FA7F18 /* cst_wave.c */; };
		E4349FD3162C5E8700FA7F18 /* cst_wave_io.c in Sources */ = {isa = PBXBuildFile; fileRef = E4349F4F162C5E8700FA7F18 /* cst_wave_io.c */; };
		E4349FD4162C5E8700FA7F18 /* cst_wave_utils.c in Sources */ = {isa = PBXBuildFile; fileRef = E4349F50162C5E8700FA7F18 /* cst_wave_utils.c */; };
		E4349FD5162C5E8700FA7F18 /* flite.c in Sources */ = {isa = PBXBuildFile; fileRef = E4349F51162C5E8700FA7F18 /* flite.c */; };
		E4349FD6162C5E8700FA7F18 /* rateconv.c in Sources */ = {isa = PBXBuildFile; fileRef = E4349F52162C5E8700FA7F18 /* rateconv.c */; };
		E4349FD7162C5E8700FA7F18 /* regexp.c in Sources */ = {isa = PBXBuildFile; fileRef = E4349F53162C5E8700FA7F18 /* regexp.c */; };
		E4349FD8162C5E8700FA7F18 /* cmu_us_awb.c in Sources */ = {isa = PBXBuildFile; fileRef = E4349F56162C5E8700FA7F18 /* cmu_us_awb.c */; };
		E4349FD9162C5E8700FA7F18 /* cmu_us_awb_cg.c in Sources */ = {isa = PBXBuildFile; fileRef = E4349F57162C5E8700FA7F18 /* cmu_us_awb_cg.c */; };
		E4349FDA162C5E8700FA7F18 /* cmu_us_awb_cg_durmodel.c in Sources */ = {isa = PBXBuildFile; fileRef = E4349F58162C5E8700FA7F18 /* cmu_us_awb_cg_durmodel.c */; };
		E4349FDB162C5E8700FA7F18 /* cmu_us_awb_cg_f0_trees.c in Sources */ = {isa = PBXBuildFile; fileRef = E4349F5A162C5E8700FA7F18 /* cmu_us_awb_cg_f0_trees.c */; };
		E4349FDC162C5E8700FA7F18 /* cmu_us_awb_cg_phonestate.c in Sources */ = {isa = PBXBuildFile; fileRef = E4349F5C162C5E8700FA7F18 /* cmu_us_awb_cg_phonestate.c */; };
		E4349FDD162C5E8700FA7F18 /* cmu_us_awb_cg_single_mcep_trees.c in Sources */ = {isa = PBXBuildFile; fileRef = E4349F5D162C5E8700FA7F18 /* cmu_us_awb_cg_single_mcep_trees.c */; };
		E4349FDE162C5E8700FA7F18 /* cmu_us_awb_cg_single_params.c in Sources */ = {isa = PBXBuildFile; fileRef = E4349F5F162C5E8700FA7F18 /* cmu_us_awb_cg_single_params.c */; };
		E4349FDF162C5E8700FA7F18 /* cmu_us_kal.c in Sources */ = {isa = PBXBuildFile; fileRef = E4349F62162C5E8700FA7F18 /* cmu_us_kal.c */; };
		E4349FE0162C5E8700FA7F18 /* cmu_us_kal_diphone.c in Sources */ = {isa = PBXBuildFile; fileRef = E4349F63162C5E8700FA7F18 /* cmu_us_kal_diphone.c */; };
		E4349FE1162C5E8700FA7F18 /* cmu_us_kal_lpc.c in Sources */ = {isa = PBXBuildFile; fileRef = E4349F64162C5E8700FA7F18 /* cmu_us_kal_lpc.c */; };
		E4349FE2162C5E8700FA7F18 /* cmu_us_kal_res.c in Sources */ = {isa = PBXBuildFile; fileRef = E4349F65162C5E8700FA7F18 /* cmu_us_kal_res.c */; };
		E4349FE3162C5E8700FA7F18 /* cmu_us_kal_residx.c in Sources */ = {isa = PBXBuildFile; fileRef = E4349F66162C5E8700FA7F18 /* cmu_us_kal_residx.c */; };
		E4349FE4162C5E8700FA7F18 /* cmu_us_kal16.c in Sources */ = {isa = PBXBuildFile; fileRef = E4349F69162C5E8700FA7F18 /* cmu_us_kal16.c */; };
		E4349FE5162C5E8700FA7F18 /* cmu_us_kal16_diphone.c in Sources */ = {isa = PBXBuildFile; fileRef = E4349F6A162C5E8700FA7F18 /* cmu_us_kal16_diphone.c */; };
		E4349FE6162C5E8700FA7F18 /* cmu_us_kal16_lpc.c in Sources */ = {isa = PBXBuildFile; fileRef = E4349F6B162C5E8700FA7F18 /* cmu_us_kal16_lpc.c */; };
		E4349FE7162C5E8700FA7F18 /* cmu_us_kal16_res.c in Sources */ = {isa = PBXBuildFile; fileRef = E4349F6C162C5E8700FA7F18 /* cmu_us_kal16_res.c */; };
		E4349FE8162C5E8700FA7F18 /* cmu_us_kal16_residx.c in Sources */ = {isa = PBXBuildFile; fileRef = E4349F6D162C5E8700FA7F18 /* cmu_us_kal16_residx.c */; };
		E4349FE9162C5E8700FA7F18 /* cmu_us_rms.c in Sources */ = {isa = PBXBuildFile; fileRef = E4349F70162C5E8700FA7F18 /* cmu_us_rms.c */; };
		E4349FEA162C5E8700FA7F18 /* cmu_us_rms_cg.c in Sources */ = {isa = PBXBuildFile; fileRef = E4349F71162C5E8700FA7F18 /* cmu_us_rms_cg.c */; };
		E4349FEB162C5E8700FA7F18 /* cmu_us_rms_cg_durmodel.c in Sources */ = {isa = PBXBuildFile; fileRef = E4349F72162C5E8700FA7F18 /* cmu_us_rms_cg_durmodel.c */; };
		E4349FEC162C5E8700FA7F18 /* cmu_us_rms_cg_f0_trees.c in Sources */ = {isa = PBXBuildFile; fileRef = E4349F74162C5E8700FA7F18 /* cmu_us_rms_cg_f0_trees.c */; };
		E4349FED162C5E8700FA7F18 /* cmu_us_rms_cg_phonestate.c in Sources */ = {isa = PBXBuildFile; fileRef = E4349F76162C5E8700FA7F18 /* cmu_us_rms_cg_phonestate.c */; };
		E4349FEE162C5E8700FA7F18 /* cmu_us_rms_cg_single_mcep_trees.c in Sources */ = {isa = PBXBuildFile; fileRef = E4349F77162C5E8700FA7F18 /* cmu_us_rms_cg_single_mcep_trees.c */; };
		E4349FEF162C5E8700FA7F18 /* cmu_us_rms_cg_single_params.c in Sources */ = {isa = PBXBuildFile; fileRef = E4349F79162C5E8700FA7F18 /* cmu_us_rms_cg_single_params.c */; };
		E4349FF0162C5E8700FA7F18 /* cmu_us_slt.c in Sources */ = {isa = PBXBuildFile; fileRef = E4349F7D162C5E8700FA7F18 /* cmu_us_slt.c */; };
		E4349FF1162C5E8700FA7F18 /* cmu_us_slt_cg.c in Sources */ = {isa = PBXBuildFile; fileRef = E4349F7E162C5E8700FA7F18 /* cmu_us_slt_cg.c */; };
		E4349FF2162C5E8700FA7F18 /* cmu_us_slt_cg_durmodel.c in Sources */ = {isa = PBXBuildFile; fileRef = E4349F7F162C5E8700FA7F18 /* cmu_us_slt_cg_durmodel.c */; };
		E4349FF3162C5E8700FA7F18 /* cmu_us_slt_cg_f0_trees.c in Sources */ = {isa = PBXBuildFile; fileRef = E4349F81162C5E8700FA7F18 /* cmu_us_slt_cg_f0_trees.c */; };
		E4349FF4162C5E8700FA7F18 /* cmu_us_slt_cg_phonestate.c in Sources */ = {isa = PBXBuildFile; fileRef = E4349F83162C5E8700FA7F18 /* cmu_us_slt_cg_phonestate.c */; };
		E4349FF5162C5E8700FA7F18 /* cmu_us_slt_cg_single_mcep_trees.c in Sources */ = {isa = PBXBuildFile; fileRef = E4349F84162C5E8700FA7F18 /* cmu_us_slt_cg_single_mcep_trees.c */; };
		E4349FF6162C5E8700FA7F18 /* cmu_us_slt_cg_single_params.c in Sources */ = {isa = PBXBuildFile; fileRef = E4349F86162C5E8700FA7F18 /* cmu_us_slt_cg_single_params.c */; };
		E4349FF7162C5E8700FA7F18 /* cmu_lex.c in Sources */ = {isa = PBXBuildFile; fileRef = E4349F89162C5E8700FA7F18 /* cmu_lex.c */; };
		E4349FF8162C5E8700FA7F18 /* cmu_lex_data.c in Sources */ = {isa = PBXBuildFile; fileRef = E4349F8B162C5E8700FA7F18 /* cmu_lex_data.c */; };
		E4349FF9162C5E8700FA7F18 /* cmu_lex_entries.c in Sources */ = {isa = PBXBuildFile; fileRef = E4349F8C162C5E8700FA7F18 /* cmu_lex_entries.c */; };
		E4349FFA162C5E8700FA7F18 /* cmu_lts_model.c in Sources */ = {isa = PBXBuildFile; fileRef = E4349F8D162C5E8700FA7F18 /* cmu_lts_model.c */; };
		E4349FFB162C5E8700FA7F18 /* cmu_lts_rules.c in Sources */ = {isa = PBXBuildFile; fileRef = E4349F8F162C5E8700FA7F18 /* cmu_lts_rules.c */; };
		E4349FFC162C5E8700FA7F18 /* cmu_postlex.c in Sources */ = {isa = PBXBuildFile; fileRef = E4349F90162C5E8700FA7F18 /* cmu_postlex.c */; };
		E4349FFD162C5E8700FA7F18 /* us_aswd.c in Sources */ = {isa = PBXBuildFile; fileRef = E4349F92162C5E8700FA7F18 /* us_aswd.c */; };
		E4349FFE162C5E8700FA7F18 /* us_dur_stats.c in Sources */ = {isa = PBXBuildFile; fileRef = E4349F93162C5E8700FA7F18 /* us_dur_stats.c */; };
		E4349FFF162C5E8700FA7F18 /* us_durz_cart.c in Sources */ = {isa = PBXBuildFile; fileRef = E4349F94162C5E8700FA7F18 /* us_durz_cart.c */; };
		E434A000162C5E8700FA7F18 /* us_expand.c in Sources */ = {isa = PBXBuildFile; fileRef = E4349F96162C5E8700FA7F18 /* us_expand.c */; };
		E434A001162C5E8700FA7F18 /* us_f0_model.c in Sources */ = {isa = PBXBuildFile; fileRef = E4349F98162C5E8700FA7F18 /* us_f0_model.c */; };
		E434A002162C5E8700FA7F18 /* us_f0lr.c in Sources */ = {isa = PBXBuildFile; fileRef = E4349F99162C5E8700FA7F18 /* us_f0lr.c */; };
		E434A003162C5E8700FA7F18 /* us_ffeatures.c in Sources */ = {isa = PBXBuildFile; fileRef = E4349F9A162C5E8700FA7F18 /* us_ffeatures.c */; };
		E434A004162C5E8700FA7F18 /* us_gpos.c in Sources */ = {isa = PBXBuildFile; fileRef = E4349F9C162C5E8700FA7F18 /* us_gpos.c */; };
		E434A005162C5E8700FA7F18 /* us_int_accent_cart.c in Sources */ = {isa = PBXBuildFile; fileRef = E4349F9D162C5E8700FA7F18 /* us_int_accent_cart.c */; };
		E434A006162C5E8700FA7F18 /* us_int_tone_cart.c in Sources */ = {isa = PBXBuildFile; fileRef = E4349F9F162C5E8700FA7F18 /* us_int_tone_cart.c */; };
		E434A007162C5E8700FA7F18 /* us_nums_cart.c in Sources */ = {isa = PBXBuildFile; fileRef = E4349FA1162C5E8700FA7F18 /* us_nums_cart.c */; };
		E434A008162C5E8700FA7F18 /* us_phoneset.c in Sources */ = {isa = PBXBuildFile; fileRef = E4349FA3162C5E8700FA7F18 /* us_phoneset.c */; };
		E434A009162C5E8700FA7F18 /* us_phrasing_cart.c in Sources */ = {isa = PBXBuildFile; fileRef = E4349FA4162C5E8700FA7F18 /* us_phrasing_cart.c */; };
		E434A00A162C5E8700FA7F18 /* us_pos.tree in Resources */ = {isa = PBXBuildFile; fileRef = E4349FA6162C5E8700FA7F18 /* us_pos.tree */; };
		E434A00B162C5E8700FA7F18 /* us_pos_cart.c in Sources */ = {isa = PBXBuildFile; fileRef = E4349FA7162C5E8700FA7F18 /* us_pos_cart.c */; };
		E434A00C162C5E8700FA7F18 /* us_text.c in Sources */ = {isa = PBXBuildFile; fileRef = E4349FAA162C5E8700FA7F18 /* us_text.c */; };
		E434A00D162C5E8700FA7F18 /* usenglish.c in Sources */ = {isa = PBXBuildFile; fileRef = E4349FAC162C5E8700FA7F18 /* usenglish.c */; };
		E43F4F8B16F01777003A9201 /* NLE_spatialint_level2.txt in Resources */ = {isa = PBXBuildFile; fileRef = E43F4F8A16F01777003A9201 /* NLE_spatialint_level2.txt */; };
/* End PBXBuildFile section */

/* Begin PBXFileReference section */
		720F5D811576702500C74BC5 /* goodbye.h */ = {isa = PBXFileReference; fileEncoding = 4; lastKnownFileType = sourcecode.c.h; path = goodbye.h; sourceTree = "<group>"; };
		720F5D821576702500C74BC5 /* goodbye.m */ = {isa = PBXFileReference; fileEncoding = 4; lastKnownFileType = sourcecode.c.objc; path = goodbye.m; sourceTree = "<group>"; };
		7216AFFD165B233F00B78D18 /* pSpeech.h */ = {isa = PBXFileReference; fileEncoding = 4; lastKnownFileType = sourcecode.c.h; path = pSpeech.h; sourceTree = "<group>"; };
		7216AFFE165B233F00B78D18 /* pSpeech.m */ = {isa = PBXFileReference; fileEncoding = 4; lastKnownFileType = sourcecode.c.objc; path = pSpeech.m; sourceTree = "<group>"; };
		7216B001165B2DE800B78D18 /* pAudioNumberline.h */ = {isa = PBXFileReference; fileEncoding = 4; lastKnownFileType = sourcecode.c.h; path = pAudioNumberline.h; sourceTree = "<group>"; };
		7216B002165B2DE900B78D18 /* pAudioNumberline.m */ = {isa = PBXFileReference; fileEncoding = 4; lastKnownFileType = sourcecode.c.objc; path = pAudioNumberline.m; sourceTree = "<group>"; };
		7217E46B15B9B2EF00B09FD6 /* picture.h */ = {isa = PBXFileReference; fileEncoding = 4; lastKnownFileType = sourcecode.c.h; path = picture.h; sourceTree = "<group>"; };
		7217E46C15B9B2EF00B09FD6 /* picture.m */ = {isa = PBXFileReference; fileEncoding = 4; lastKnownFileType = sourcecode.c.objc; lineEnding = 0; path = picture.m; sourceTree = "<group>"; xcLanguageSpecificationIdentifier = xcode.lang.objc; };
		722844B715E1B58C004401CA /* badInFile.h */ = {isa = PBXFileReference; fileEncoding = 4; lastKnownFileType = sourcecode.c.h; path = badInFile.h; sourceTree = "<group>"; };
		722844B815E1B58C004401CA /* badInFile.m */ = {isa = PBXFileReference; fileEncoding = 4; lastKnownFileType = sourcecode.c.objc; lineEnding = 0; path = badInFile.m; sourceTree = "<group>"; xcLanguageSpecificationIdentifier = xcode.lang.objc; };
		724118A31580EB7E002FC139 /* instruction.h */ = {isa = PBXFileReference; fileEncoding = 4; lastKnownFileType = sourcecode.c.h; path = instruction.h; sourceTree = "<group>"; };
		724118A41580EB7E002FC139 /* instruction.m */ = {isa = PBXFileReference; fileEncoding = 4; lastKnownFileType = sourcecode.c.objc; lineEnding = 0; path = instruction.m; sourceTree = "<group>"; xcLanguageSpecificationIdentifier = xcode.lang.objc; };
		724118A71580F03A002FC139 /* multipleChoice.h */ = {isa = PBXFileReference; fileEncoding = 4; lastKnownFileType = sourcecode.c.h; path = multipleChoice.h; sourceTree = "<group>"; };
		724F080B15741858007082CE /* Security.framework */ = {isa = PBXFileReference; lastKnownFileType = wrapper.framework; name = Security.framework; path = System/Library/Frameworks/Security.framework; sourceTree = SDKROOT; };
		724F080D15741F1F007082CE /* QuartzCore.framework */ = {isa = PBXFileReference; lastKnownFileType = wrapper.framework; name = QuartzCore.framework; path = System/Library/Frameworks/QuartzCore.framework; sourceTree = SDKROOT; };
		7264E49715796595000784A2 /* newSlider.h */ = {isa = PBXFileReference; fileEncoding = 4; lastKnownFileType = sourcecode.c.h; path = newSlider.h; sourceTree = "<group>"; };
		7264E49815796595000784A2 /* newSlider.m */ = {isa = PBXFileReference; fileEncoding = 4; lastKnownFileType = sourcecode.c.objc; lineEnding = 0; path = newSlider.m; sourceTree = "<group>"; xcLanguageSpecificationIdentifier = xcode.lang.objc; };
		727362CD1580E0C600F4B689 /* numberFill.h */ = {isa = PBXFileReference; fileEncoding = 4; lastKnownFileType = sourcecode.c.h; path = numberFill.h; sourceTree = "<group>"; };
		727362CE1580E0C600F4B689 /* numberFill.m */ = {isa = PBXFileReference; fileEncoding = 4; lastKnownFileType = sourcecode.c.objc; lineEnding = 0; path = numberFill.m; sourceTree = "<group>"; xcLanguageSpecificationIdentifier = xcode.lang.objc; };
		727B54FE157E55DA004D13D1 /* questionParser.h */ = {isa = PBXFileReference; fileEncoding = 4; lastKnownFileType = sourcecode.c.h; path = questionParser.h; sourceTree = "<group>"; };
		727B54FF157E55DA004D13D1 /* questionParser.m */ = {isa = PBXFileReference; fileEncoding = 4; lastKnownFileType = sourcecode.c.objc; lineEnding = 0; path = questionParser.m; sourceTree = "<group>"; xcLanguageSpecificationIdentifier = xcode.lang.objc; };
		7291AFC31658C4130076F9F5 /* DropboxSDK.framework */ = {isa = PBXFileReference; lastKnownFileType = wrapper.framework; path = DropboxSDK.framework; sourceTree = "<group>"; };
		72936CF415EC591A00AFDC0A /* noAnimationSegue.h */ = {isa = PBXFileReference; fileEncoding = 4; lastKnownFileType = sourcecode.c.h; path = noAnimationSegue.h; sourceTree = "<group>"; };
		72936CF515EC591A00AFDC0A /* noAnimationSegue.m */ = {isa = PBXFileReference; fileEncoding = 4; lastKnownFileType = sourcecode.c.objc; path = noAnimationSegue.m; sourceTree = "<group>"; };
		7295459E1656DC5700DBBC0F /* branchTo.h */ = {isa = PBXFileReference; fileEncoding = 4; lastKnownFileType = sourcecode.c.h; path = branchTo.h; sourceTree = "<group>"; };
		7295459F1656DC5700DBBC0F /* branchTo.m */ = {isa = PBXFileReference; fileEncoding = 4; lastKnownFileType = sourcecode.c.objc; path = branchTo.m; sourceTree = "<group>"; };
		729545A21656E4BA00DBBC0F /* titrationBranch.h */ = {isa = PBXFileReference; fileEncoding = 4; lastKnownFileType = sourcecode.c.h; path = titrationBranch.h; sourceTree = "<group>"; };
		729545A31656E4BA00DBBC0F /* titrationBranch.m */ = {isa = PBXFileReference; fileEncoding = 4; lastKnownFileType = sourcecode.c.objc; path = titrationBranch.m; sourceTree = "<group>"; };
		72973526157F6D640051AD29 /* wordFill.h */ = {isa = PBXFileReference; fileEncoding = 4; lastKnownFileType = sourcecode.c.h; path = wordFill.h; sourceTree = "<group>"; };
		72973527157F6D640051AD29 /* wordFill.m */ = {isa = PBXFileReference; fileEncoding = 4; lastKnownFileType = sourcecode.c.objc; lineEnding = 0; path = wordFill.m; sourceTree = "<group>"; xcLanguageSpecificationIdentifier = xcode.lang.objc; };
		729BE1C315F9BAF400F920B8 /* feedback.h */ = {isa = PBXFileReference; fileEncoding = 4; lastKnownFileType = sourcecode.c.h; path = feedback.h; sourceTree = "<group>"; };
		729BE1C415F9BAF400F920B8 /* feedback.m */ = {isa = PBXFileReference; fileEncoding = 4; lastKnownFileType = sourcecode.c.objc; lineEnding = 0; path = feedback.m; sourceTree = "<group>"; xcLanguageSpecificationIdentifier = xcode.lang.objc; };
		72A306FF15FA3CA200749E14 /* titration.h */ = {isa = PBXFileReference; fileEncoding = 4; lastKnownFileType = sourcecode.c.h; path = titration.h; sourceTree = "<group>"; };
		72A3070015FA3CA200749E14 /* titration.m */ = {isa = PBXFileReference; fileEncoding = 4; lastKnownFileType = sourcecode.c.objc; lineEnding = 0; path = titration.m; sourceTree = "<group>"; xcLanguageSpecificationIdentifier = xcode.lang.objc; };
		72A6B0E215EFC3B000BAC90A /* audioNumberLine.h */ = {isa = PBXFileReference; fileEncoding = 4; lastKnownFileType = sourcecode.c.h; path = audioNumberLine.h; sourceTree = "<group>"; };
		72A6B0E315EFC3B000BAC90A /* audioNumberLine.m */ = {isa = PBXFileReference; fileEncoding = 4; lastKnownFileType = sourcecode.c.objc; lineEnding = 0; path = audioNumberLine.m; sourceTree = "<group>"; xcLanguageSpecificationIdentifier = xcode.lang.objc; };
		72ABB16C164B58B00088FE74 /* engagement-Info.plist */ = {isa = PBXFileReference; fileEncoding = 4; lastKnownFileType = text.plist.xml; path = "engagement-Info.plist"; sourceTree = "<group>"; };
		72BB7865158142C200047EEA /* questionSelector.h */ = {isa = PBXFileReference; fileEncoding = 4; lastKnownFileType = sourcecode.c.h; path = questionSelector.h; sourceTree = "<group>"; };
		72BB7866158142C200047EEA /* questionSelector.m */ = {isa = PBXFileReference; fileEncoding = 4; lastKnownFileType = sourcecode.c.objc; lineEnding = 0; path = questionSelector.m; sourceTree = "<group>"; xcLanguageSpecificationIdentifier = xcode.lang.objc; };
		72C7826B15C9E39C00378319 /* speech.h */ = {isa = PBXFileReference; fileEncoding = 4; lastKnownFileType = sourcecode.c.h; path = speech.h; sourceTree = "<group>"; };
		72C7826C15C9E39C00378319 /* speech.m */ = {isa = PBXFileReference; fileEncoding = 4; lastKnownFileType = sourcecode.c.objc; lineEnding = 0; path = speech.m; sourceTree = "<group>"; xcLanguageSpecificationIdentifier = xcode.lang.objc; };
		72C7827115C9EA2700378319 /* FliteTTS.h */ = {isa = PBXFileReference; fileEncoding = 4; lastKnownFileType = sourcecode.c.h; name = FliteTTS.h; path = "sfoster-iphone-tts-a6502c779cd3/Classes/FliteTTS.h"; sourceTree = "<group>"; };
		72C7827215C9EA2700378319 /* FliteTTS.m */ = {isa = PBXFileReference; fileEncoding = 4; lastKnownFileType = sourcecode.c.objc; path = FliteTTS.m; sourceTree = "<group>"; };
		72C783A015C9ED0800378319 /* AVFoundation.framework */ = {isa = PBXFileReference; lastKnownFileType = wrapper.framework; name = AVFoundation.framework; path = System/Library/Frameworks/AVFoundation.framework; sourceTree = SDKROOT; };
		72F7DF0C1567EA4000500D63 /* questionnairesBrianGuay.app */ = {isa = PBXFileReference; explicitFileType = wrapper.application; includeInIndex = 0; path = questionnairesBrianGuay.app; sourceTree = BUILT_PRODUCTS_DIR; };
		72F7DF101567EA4000500D63 /* UIKit.framework */ = {isa = PBXFileReference; lastKnownFileType = wrapper.framework; name = UIKit.framework; path = System/Library/Frameworks/UIKit.framework; sourceTree = SDKROOT; };
		72F7DF121567EA4000500D63 /* Foundation.framework */ = {isa = PBXFileReference; lastKnownFileType = wrapper.framework; name = Foundation.framework; path = System/Library/Frameworks/Foundation.framework; sourceTree = SDKROOT; };
		72F7DF141567EA4000500D63 /* CoreGraphics.framework */ = {isa = PBXFileReference; lastKnownFileType = wrapper.framework; name = CoreGraphics.framework; path = System/Library/Frameworks/CoreGraphics.framework; sourceTree = SDKROOT; };
		72F7DF1A1567EA4100500D63 /* en */ = {isa = PBXFileReference; lastKnownFileType = text.plist.strings; name = en; path = en.lproj/InfoPlist.strings; sourceTree = "<group>"; };
		72F7DF1C1567EA4100500D63 /* main.m */ = {isa = PBXFileReference; lastKnownFileType = sourcecode.c.objc; path = main.m; sourceTree = "<group>"; };
		72F7DF1E1567EA4100500D63 /* engagement-Prefix.pch */ = {isa = PBXFileReference; lastKnownFileType = sourcecode.c.h; path = "engagement-Prefix.pch"; sourceTree = "<group>"; };
		72F7DF1F1567EA4100500D63 /* engagementAppDelegate.h */ = {isa = PBXFileReference; lastKnownFileType = sourcecode.c.h; path = engagementAppDelegate.h; sourceTree = "<group>"; };
		72F7DF201567EA4100500D63 /* engagementAppDelegate.m */ = {isa = PBXFileReference; lastKnownFileType = sourcecode.c.objc; path = engagementAppDelegate.m; sourceTree = "<group>"; };
		72F7DF261567EA4100500D63 /* en */ = {isa = PBXFileReference; lastKnownFileType = file.storyboard; name = en; path = en.lproj/MainStoryboard_iPad.storyboard; sourceTree = "<group>"; };
		72F7DF281567EA4100500D63 /* engagementViewController.h */ = {isa = PBXFileReference; lastKnownFileType = sourcecode.c.h; path = engagementViewController.h; sourceTree = "<group>"; };
		72F7DF291567EA4100500D63 /* engagementViewController.m */ = {isa = PBXFileReference; lastKnownFileType = sourcecode.c.objc; lineEnding = 0; path = engagementViewController.m; sourceTree = "<group>"; xcLanguageSpecificationIdentifier = xcode.lang.objc; };
		72F7DF401567F00F00500D63 /* QuestionData.h */ = {isa = PBXFileReference; fileEncoding = 4; lastKnownFileType = sourcecode.c.h; path = QuestionData.h; sourceTree = "<group>"; };
		72F7DF411567F01000500D63 /* QuestionData.m */ = {isa = PBXFileReference; fileEncoding = 4; lastKnownFileType = sourcecode.c.objc; lineEnding = 0; path = QuestionData.m; sourceTree = "<group>"; xcLanguageSpecificationIdentifier = xcode.lang.objc; };
		72FCAD2A161D44BB007E4242 /* instruction2.h */ = {isa = PBXFileReference; fileEncoding = 4; lastKnownFileType = sourcecode.c.h; path = instruction2.h; sourceTree = "<group>"; };
		72FCAD2B161D44BB007E4242 /* instruction2.m */ = {isa = PBXFileReference; fileEncoding = 4; lastKnownFileType = sourcecode.c.objc; lineEnding = 0; path = instruction2.m; sourceTree = "<group>"; xcLanguageSpecificationIdentifier = xcode.lang.objc; };
		E4349EFA162C5DD600FA7F18 /* branchOut.m */ = {isa = PBXFileReference; fileEncoding = 4; lastKnownFileType = sourcecode.c.objc; lineEnding = 0; path = branchOut.m; sourceTree = "<group>"; xcLanguageSpecificationIdentifier = xcode.lang.objc; };
		E4349EFD162C5DE100FA7F18 /* branchOut.h */ = {isa = PBXFileReference; lastKnownFileType = sourcecode.c.h; path = branchOut.h; sourceTree = "<group>"; };
		E4349EFE162C5DFE00FA7F18 /* multipleChoice.m */ = {isa = PBXFileReference; fileEncoding = 4; lastKnownFileType = sourcecode.c.objc; lineEnding = 0; path = multipleChoice.m; sourceTree = "<group>"; xcLanguageSpecificationIdentifier = xcode.lang.objc; };
		E4349F02162C5E8700FA7F18 /* cst_alloc.h */ = {isa = PBXFileReference; fileEncoding = 4; lastKnownFileType = sourcecode.c.h; path = cst_alloc.h; sourceTree = "<group>"; };
		E4349F03162C5E8700FA7F18 /* cst_audio.h */ = {isa = PBXFileReference; fileEncoding = 4; lastKnownFileType = sourcecode.c.h; path = cst_audio.h; sourceTree = "<group>"; };
		E4349F04162C5E8700FA7F18 /* cst_cart.h */ = {isa = PBXFileReference; fileEncoding = 4; lastKnownFileType = sourcecode.c.h; path = cst_cart.h; sourceTree = "<group>"; };
		E4349F05162C5E8700FA7F18 /* cst_cg.h */ = {isa = PBXFileReference; fileEncoding = 4; lastKnownFileType = sourcecode.c.h; path = cst_cg.h; sourceTree = "<group>"; };
		E4349F06162C5E8700FA7F18 /* cst_diphone.h */ = {isa = PBXFileReference; fileEncoding = 4; lastKnownFileType = sourcecode.c.h; path = cst_diphone.h; sourceTree = "<group>"; };
		E4349F07162C5E8700FA7F18 /* cst_endian.h */ = {isa = PBXFileReference; fileEncoding = 4; lastKnownFileType = sourcecode.c.h; path = cst_endian.h; sourceTree = "<group>"; };
		E4349F08162C5E8700FA7F18 /* cst_error.h */ = {isa = PBXFileReference; fileEncoding = 4; lastKnownFileType = sourcecode.c.h; path = cst_error.h; sourceTree = "<group>"; };
		E4349F09162C5E8700FA7F18 /* cst_features.h */ = {isa = PBXFileReference; fileEncoding = 4; lastKnownFileType = sourcecode.c.h; path = cst_features.h; sourceTree = "<group>"; };
		E4349F0A162C5E8700FA7F18 /* cst_ffeatures.h */ = {isa = PBXFileReference; fileEncoding = 4; lastKnownFileType = sourcecode.c.h; path = cst_ffeatures.h; sourceTree = "<group>"; };
		E4349F0B162C5E8700FA7F18 /* cst_file.h */ = {isa = PBXFileReference; fileEncoding = 4; lastKnownFileType = sourcecode.c.h; path = cst_file.h; sourceTree = "<group>"; };
		E4349F0C162C5E8700FA7F18 /* cst_hrg.h */ = {isa = PBXFileReference; fileEncoding = 4; lastKnownFileType = sourcecode.c.h; path = cst_hrg.h; sourceTree = "<group>"; };
		E4349F0D162C5E8700FA7F18 /* cst_item.h */ = {isa = PBXFileReference; fileEncoding = 4; lastKnownFileType = sourcecode.c.h; path = cst_item.h; sourceTree = "<group>"; };
		E4349F0E162C5E8700FA7F18 /* cst_lexicon.h */ = {isa = PBXFileReference; fileEncoding = 4; lastKnownFileType = sourcecode.c.h; path = cst_lexicon.h; sourceTree = "<group>"; };
		E4349F0F162C5E8700FA7F18 /* cst_lts.h */ = {isa = PBXFileReference; fileEncoding = 4; lastKnownFileType = sourcecode.c.h; path = cst_lts.h; sourceTree = "<group>"; };
		E4349F10162C5E8700FA7F18 /* cst_math.h */ = {isa = PBXFileReference; fileEncoding = 4; lastKnownFileType = sourcecode.c.h; path = cst_math.h; sourceTree = "<group>"; };
		E4349F11162C5E8700FA7F18 /* cst_mlpg.h */ = {isa = PBXFileReference; fileEncoding = 4; lastKnownFileType = sourcecode.c.h; path = cst_mlpg.h; sourceTree = "<group>"; };
		E4349F12162C5E8700FA7F18 /* cst_mlsa.h */ = {isa = PBXFileReference; fileEncoding = 4; lastKnownFileType = sourcecode.c.h; path = cst_mlsa.h; sourceTree = "<group>"; };
		E4349F13162C5E8700FA7F18 /* cst_phoneset.h */ = {isa = PBXFileReference; fileEncoding = 4; lastKnownFileType = sourcecode.c.h; path = cst_phoneset.h; sourceTree = "<group>"; };
		E4349F14162C5E8700FA7F18 /* cst_regex.h */ = {isa = PBXFileReference; fileEncoding = 4; lastKnownFileType = sourcecode.c.h; path = cst_regex.h; sourceTree = "<group>"; };
		E4349F15162C5E8700FA7F18 /* cst_regex_defs.h */ = {isa = PBXFileReference; fileEncoding = 4; lastKnownFileType = sourcecode.c.h; path = cst_regex_defs.h; sourceTree = "<group>"; };
		E4349F16162C5E8700FA7F18 /* cst_relation.h */ = {isa = PBXFileReference; fileEncoding = 4; lastKnownFileType = sourcecode.c.h; path = cst_relation.h; sourceTree = "<group>"; };
		E4349F17162C5E8700FA7F18 /* cst_sigpr.h */ = {isa = PBXFileReference; fileEncoding = 4; lastKnownFileType = sourcecode.c.h; path = cst_sigpr.h; sourceTree = "<group>"; };
		E4349F18162C5E8700FA7F18 /* cst_string.h */ = {isa = PBXFileReference; fileEncoding = 4; lastKnownFileType = sourcecode.c.h; path = cst_string.h; sourceTree = "<group>"; };
		E4349F19162C5E8700FA7F18 /* cst_sts.h */ = {isa = PBXFileReference; fileEncoding = 4; lastKnownFileType = sourcecode.c.h; path = cst_sts.h; sourceTree = "<group>"; };
		E4349F1A162C5E8700FA7F18 /* cst_synth.h */ = {isa = PBXFileReference; fileEncoding = 4; lastKnownFileType = sourcecode.c.h; path = cst_synth.h; sourceTree = "<group>"; };
		E4349F1B162C5E8700FA7F18 /* cst_tokenstream.h */ = {isa = PBXFileReference; fileEncoding = 4; lastKnownFileType = sourcecode.c.h; path = cst_tokenstream.h; sourceTree = "<group>"; };
		E4349F1C162C5E8700FA7F18 /* cst_track.h */ = {isa = PBXFileReference; fileEncoding = 4; lastKnownFileType = sourcecode.c.h; path = cst_track.h; sourceTree = "<group>"; };
		E4349F1D162C5E8700FA7F18 /* cst_units.h */ = {isa = PBXFileReference; fileEncoding = 4; lastKnownFileType = sourcecode.c.h; path = cst_units.h; sourceTree = "<group>"; };
		E4349F1E162C5E8700FA7F18 /* cst_utt_utils.h */ = {isa = PBXFileReference; fileEncoding = 4; lastKnownFileType = sourcecode.c.h; path = cst_utt_utils.h; sourceTree = "<group>"; };
		E4349F1F162C5E8700FA7F18 /* cst_utterance.h */ = {isa = PBXFileReference; fileEncoding = 4; lastKnownFileType = sourcecode.c.h; path = cst_utterance.h; sourceTree = "<group>"; };
		E4349F20162C5E8700FA7F18 /* cst_val.h */ = {isa = PBXFileReference; fileEncoding = 4; lastKnownFileType = sourcecode.c.h; path = cst_val.h; sourceTree = "<group>"; };
		E4349F21162C5E8700FA7F18 /* cst_val_const.h */ = {isa = PBXFileReference; fileEncoding = 4; lastKnownFileType = sourcecode.c.h; path = cst_val_const.h; sourceTree = "<group>"; };
		E4349F22162C5E8700FA7F18 /* cst_val_defs.h */ = {isa = PBXFileReference; fileEncoding = 4; lastKnownFileType = sourcecode.c.h; path = cst_val_defs.h; sourceTree = "<group>"; };
		E4349F23162C5E8700FA7F18 /* cst_vc.h */ = {isa = PBXFileReference; fileEncoding = 4; lastKnownFileType = sourcecode.c.h; path = cst_vc.h; sourceTree = "<group>"; };
		E4349F24162C5E8700FA7F18 /* cst_viterbi.h */ = {isa = PBXFileReference; fileEncoding = 4; lastKnownFileType = sourcecode.c.h; path = cst_viterbi.h; sourceTree = "<group>"; };
		E4349F25162C5E8700FA7F18 /* cst_voice.h */ = {isa = PBXFileReference; fileEncoding = 4; lastKnownFileType = sourcecode.c.h; path = cst_voice.h; sourceTree = "<group>"; };
		E4349F26162C5E8700FA7F18 /* cst_wave.h */ = {isa = PBXFileReference; fileEncoding = 4; lastKnownFileType = sourcecode.c.h; path = cst_wave.h; sourceTree = "<group>"; };
		E4349F27162C5E8700FA7F18 /* flite.h */ = {isa = PBXFileReference; fileEncoding = 4; lastKnownFileType = sourcecode.c.h; path = flite.h; sourceTree = "<group>"; };
		E4349F28162C5E8700FA7F18 /* native_audio.h */ = {isa = PBXFileReference; fileEncoding = 4; lastKnownFileType = sourcecode.c.h; path = native_audio.h; sourceTree = "<group>"; };
		E4349F2A162C5E8700FA7F18 /* au_none.c */ = {isa = PBXFileReference; fileEncoding = 4; lastKnownFileType = sourcecode.c.c; path = au_none.c; sourceTree = "<group>"; };
		E4349F2B162C5E8700FA7F18 /* au_streaming.c */ = {isa = PBXFileReference; fileEncoding = 4; lastKnownFileType = sourcecode.c.c; path = au_streaming.c; sourceTree = "<group>"; };
		E4349F2C162C5E8700FA7F18 /* audio.c */ = {isa = PBXFileReference; fileEncoding = 4; lastKnownFileType = sourcecode.c.c; path = audio.c; sourceTree = "<group>"; };
		E4349F2D162C5E8700FA7F18 /* cst_alloc.c */ = {isa = PBXFileReference; fileEncoding = 4; lastKnownFileType = sourcecode.c.c; path = cst_alloc.c; sourceTree = "<group>"; };
		E4349F2E162C5E8700FA7F18 /* cst_cart.c */ = {isa = PBXFileReference; fileEncoding = 4; lastKnownFileType = sourcecode.c.c; path = cst_cart.c; sourceTree = "<group>"; };
		E4349F2F162C5E8700FA7F18 /* cst_cg.c */ = {isa = PBXFileReference; fileEncoding = 4; lastKnownFileType = sourcecode.c.c; path = cst_cg.c; sourceTree = "<group>"; };
		E4349F30162C5E8700FA7F18 /* cst_diphone.c */ = {isa = PBXFileReference; fileEncoding = 4; lastKnownFileType = sourcecode.c.c; path = cst_diphone.c; sourceTree = "<group>"; };
		E4349F31162C5E8700FA7F18 /* cst_endian.c */ = {isa = PBXFileReference; fileEncoding = 4; lastKnownFileType = sourcecode.c.c; path = cst_endian.c; sourceTree = "<group>"; };
		E4349F32162C5E8700FA7F18 /* cst_error.c */ = {isa = PBXFileReference; fileEncoding = 4; lastKnownFileType = sourcecode.c.c; path = cst_error.c; sourceTree = "<group>"; };
		E4349F33162C5E8700FA7F18 /* cst_features.c */ = {isa = PBXFileReference; fileEncoding = 4; lastKnownFileType = sourcecode.c.c; path = cst_features.c; sourceTree = "<group>"; };
		E4349F34162C5E8700FA7F18 /* cst_ffeature.c */ = {isa = PBXFileReference; fileEncoding = 4; lastKnownFileType = sourcecode.c.c; path = cst_ffeature.c; sourceTree = "<group>"; };
		E4349F35162C5E8700FA7F18 /* cst_ffeatures.c */ = {isa = PBXFileReference; fileEncoding = 4; lastKnownFileType = sourcecode.c.c; path = cst_ffeatures.c; sourceTree = "<group>"; };
		E4349F36162C5E8700FA7F18 /* cst_file_stdio.c */ = {isa = PBXFileReference; fileEncoding = 4; lastKnownFileType = sourcecode.c.c; path = cst_file_stdio.c; sourceTree = "<group>"; };
		E4349F37162C5E8700FA7F18 /* cst_item.c */ = {isa = PBXFileReference; fileEncoding = 4; lastKnownFileType = sourcecode.c.c; path = cst_item.c; sourceTree = "<group>"; };
		E4349F38162C5E8700FA7F18 /* cst_lexicon.c */ = {isa = PBXFileReference; fileEncoding = 4; lastKnownFileType = sourcecode.c.c; path = cst_lexicon.c; sourceTree = "<group>"; };
		E4349F39162C5E8700FA7F18 /* cst_lpcres.c */ = {isa = PBXFileReference; fileEncoding = 4; lastKnownFileType = sourcecode.c.c; path = cst_lpcres.c; sourceTree = "<group>"; };
		E4349F3A162C5E8700FA7F18 /* cst_lts.c */ = {isa = PBXFileReference; fileEncoding = 4; lastKnownFileType = sourcecode.c.c; path = cst_lts.c; sourceTree = "<group>"; };
		E4349F3B162C5E8700FA7F18 /* cst_mlpg.c */ = {isa = PBXFileReference; fileEncoding = 4; lastKnownFileType = sourcecode.c.c; path = cst_mlpg.c; sourceTree = "<group>"; };
		E4349F3C162C5E8700FA7F18 /* cst_mlsa.c */ = {isa = PBXFileReference; fileEncoding = 4; lastKnownFileType = sourcecode.c.c; path = cst_mlsa.c; sourceTree = "<group>"; };
		E4349F3D162C5E8700FA7F18 /* cst_phoneset.c */ = {isa = PBXFileReference; fileEncoding = 4; lastKnownFileType = sourcecode.c.c; path = cst_phoneset.c; sourceTree = "<group>"; };
		E4349F3E162C5E8700FA7F18 /* cst_regex.c */ = {isa = PBXFileReference; fileEncoding = 4; lastKnownFileType = sourcecode.c.c; path = cst_regex.c; sourceTree = "<group>"; };
		E4349F3F162C5E8700FA7F18 /* cst_relation.c */ = {isa = PBXFileReference; fileEncoding = 4; lastKnownFileType = sourcecode.c.c; path = cst_relation.c; sourceTree = "<group>"; };
		E4349F40162C5E8700FA7F18 /* cst_sigpr.c */ = {isa = PBXFileReference; fileEncoding = 4; lastKnownFileType = sourcecode.c.c; path = cst_sigpr.c; sourceTree = "<group>"; };
		E4349F41162C5E8700FA7F18 /* cst_string.c */ = {isa = PBXFileReference; fileEncoding = 4; lastKnownFileType = sourcecode.c.c; path = cst_string.c; sourceTree = "<group>"; };
		E4349F42162C5E8700FA7F18 /* cst_sts.c */ = {isa = PBXFileReference; fileEncoding = 4; lastKnownFileType = sourcecode.c.c; path = cst_sts.c; sourceTree = "<group>"; };
		E4349F43162C5E8700FA7F18 /* cst_synth.c */ = {isa = PBXFileReference; fileEncoding = 4; lastKnownFileType = sourcecode.c.c; path = cst_synth.c; sourceTree = "<group>"; };
		E4349F44162C5E8700FA7F18 /* cst_tokenstream.c */ = {isa = PBXFileReference; fileEncoding = 4; lastKnownFileType = sourcecode.c.c; path = cst_tokenstream.c; sourceTree = "<group>"; };
		E4349F45162C5E8700FA7F18 /* cst_track.c */ = {isa = PBXFileReference; fileEncoding = 4; lastKnownFileType = sourcecode.c.c; path = cst_track.c; sourceTree = "<group>"; };
		E4349F46162C5E8700FA7F18 /* cst_units.c */ = {isa = PBXFileReference; fileEncoding = 4; lastKnownFileType = sourcecode.c.c; path = cst_units.c; sourceTree = "<group>"; };
		E4349F47162C5E8700FA7F18 /* cst_utt_utils.c */ = {isa = PBXFileReference; fileEncoding = 4; lastKnownFileType = sourcecode.c.c; path = cst_utt_utils.c; sourceTree = "<group>"; };
		E4349F48162C5E8700FA7F18 /* cst_utterance.c */ = {isa = PBXFileReference; fileEncoding = 4; lastKnownFileType = sourcecode.c.c; path = cst_utterance.c; sourceTree = "<group>"; };
		E4349F49162C5E8700FA7F18 /* cst_val.c */ = {isa = PBXFileReference; fileEncoding = 4; lastKnownFileType = sourcecode.c.c; path = cst_val.c; sourceTree = "<group>"; };
		E4349F4A162C5E8700FA7F18 /* cst_val_const.c */ = {isa = PBXFileReference; fileEncoding = 4; lastKnownFileType = sourcecode.c.c; path = cst_val_const.c; sourceTree = "<group>"; };
		E4349F4B162C5E8700FA7F18 /* cst_val_user.c */ = {isa = PBXFileReference; fileEncoding = 4; lastKnownFileType = sourcecode.c.c; path = cst_val_user.c; sourceTree = "<group>"; };
		E4349F4C162C5E8700FA7F18 /* cst_vc.c */ = {isa = PBXFileReference; fileEncoding = 4; lastKnownFileType = sourcecode.c.c; path = cst_vc.c; sourceTree = "<group>"; };
		E4349F4D162C5E8700FA7F18 /* cst_voice.c */ = {isa = PBXFileReference; fileEncoding = 4; lastKnownFileType = sourcecode.c.c; path = cst_voice.c; sourceTree = "<group>"; };
		E4349F4E162C5E8700FA7F18 /* cst_wave.c */ = {isa = PBXFileReference; fileEncoding = 4; lastKnownFileType = sourcecode.c.c; path = cst_wave.c; sourceTree = "<group>"; };
		E4349F4F162C5E8700FA7F18 /* cst_wave_io.c */ = {isa = PBXFileReference; fileEncoding = 4; lastKnownFileType = sourcecode.c.c; path = cst_wave_io.c; sourceTree = "<group>"; };
		E4349F50162C5E8700FA7F18 /* cst_wave_utils.c */ = {isa = PBXFileReference; fileEncoding = 4; lastKnownFileType = sourcecode.c.c; path = cst_wave_utils.c; sourceTree = "<group>"; };
		E4349F51162C5E8700FA7F18 /* flite.c */ = {isa = PBXFileReference; fileEncoding = 4; lastKnownFileType = sourcecode.c.c; path = flite.c; sourceTree = "<group>"; };
		E4349F52162C5E8700FA7F18 /* rateconv.c */ = {isa = PBXFileReference; fileEncoding = 4; lastKnownFileType = sourcecode.c.c; path = rateconv.c; sourceTree = "<group>"; };
		E4349F53162C5E8700FA7F18 /* regexp.c */ = {isa = PBXFileReference; fileEncoding = 4; lastKnownFileType = sourcecode.c.c; path = regexp.c; sourceTree = "<group>"; };
		E4349F56162C5E8700FA7F18 /* cmu_us_awb.c */ = {isa = PBXFileReference; fileEncoding = 4; lastKnownFileType = sourcecode.c.c; path = cmu_us_awb.c; sourceTree = "<group>"; };
		E4349F57162C5E8700FA7F18 /* cmu_us_awb_cg.c */ = {isa = PBXFileReference; fileEncoding = 4; lastKnownFileType = sourcecode.c.c; path = cmu_us_awb_cg.c; sourceTree = "<group>"; };
		E4349F58162C5E8700FA7F18 /* cmu_us_awb_cg_durmodel.c */ = {isa = PBXFileReference; fileEncoding = 4; lastKnownFileType = sourcecode.c.c; path = cmu_us_awb_cg_durmodel.c; sourceTree = "<group>"; };
		E4349F59162C5E8700FA7F18 /* cmu_us_awb_cg_durmodel.h */ = {isa = PBXFileReference; fileEncoding = 4; lastKnownFileType = sourcecode.c.h; path = cmu_us_awb_cg_durmodel.h; sourceTree = "<group>"; };
		E4349F5A162C5E8700FA7F18 /* cmu_us_awb_cg_f0_trees.c */ = {isa = PBXFileReference; fileEncoding = 4; lastKnownFileType = sourcecode.c.c; path = cmu_us_awb_cg_f0_trees.c; sourceTree = "<group>"; };
		E4349F5B162C5E8700FA7F18 /* cmu_us_awb_cg_f0_trees.h */ = {isa = PBXFileReference; fileEncoding = 4; lastKnownFileType = sourcecode.c.h; path = cmu_us_awb_cg_f0_trees.h; sourceTree = "<group>"; };
		E4349F5C162C5E8700FA7F18 /* cmu_us_awb_cg_phonestate.c */ = {isa = PBXFileReference; fileEncoding = 4; lastKnownFileType = sourcecode.c.c; path = cmu_us_awb_cg_phonestate.c; sourceTree = "<group>"; };
		E4349F5D162C5E8700FA7F18 /* cmu_us_awb_cg_single_mcep_trees.c */ = {isa = PBXFileReference; fileEncoding = 4; lastKnownFileType = sourcecode.c.c; path = cmu_us_awb_cg_single_mcep_trees.c; sourceTree = "<group>"; };
		E4349F5E162C5E8700FA7F18 /* cmu_us_awb_cg_single_mcep_trees.h */ = {isa = PBXFileReference; fileEncoding = 4; lastKnownFileType = sourcecode.c.h; path = cmu_us_awb_cg_single_mcep_trees.h; sourceTree = "<group>"; };
		E4349F5F162C5E8700FA7F18 /* cmu_us_awb_cg_single_params.c */ = {isa = PBXFileReference; fileEncoding = 4; lastKnownFileType = sourcecode.c.c; path = cmu_us_awb_cg_single_params.c; sourceTree = "<group>"; };
		E4349F60162C5E8700FA7F18 /* voxdefs.h */ = {isa = PBXFileReference; fileEncoding = 4; lastKnownFileType = sourcecode.c.h; path = voxdefs.h; sourceTree = "<group>"; };
		E4349F62162C5E8700FA7F18 /* cmu_us_kal.c */ = {isa = PBXFileReference; fileEncoding = 4; lastKnownFileType = sourcecode.c.c; path = cmu_us_kal.c; sourceTree = "<group>"; };
		E4349F63162C5E8700FA7F18 /* cmu_us_kal_diphone.c */ = {isa = PBXFileReference; fileEncoding = 4; lastKnownFileType = sourcecode.c.c; path = cmu_us_kal_diphone.c; sourceTree = "<group>"; };
		E4349F64162C5E8700FA7F18 /* cmu_us_kal_lpc.c */ = {isa = PBXFileReference; fileEncoding = 4; lastKnownFileType = sourcecode.c.c; path = cmu_us_kal_lpc.c; sourceTree = "<group>"; };
		E4349F65162C5E8700FA7F18 /* cmu_us_kal_res.c */ = {isa = PBXFileReference; fileEncoding = 4; lastKnownFileType = sourcecode.c.c; path = cmu_us_kal_res.c; sourceTree = "<group>"; };
		E4349F66162C5E8700FA7F18 /* cmu_us_kal_residx.c */ = {isa = PBXFileReference; fileEncoding = 4; lastKnownFileType = sourcecode.c.c; path = cmu_us_kal_residx.c; sourceTree = "<group>"; };
		E4349F67162C5E8700FA7F18 /* voxdefs.h */ = {isa = PBXFileReference; fileEncoding = 4; lastKnownFileType = sourcecode.c.h; path = voxdefs.h; sourceTree = "<group>"; };
		E4349F69162C5E8700FA7F18 /* cmu_us_kal16.c */ = {isa = PBXFileReference; fileEncoding = 4; lastKnownFileType = sourcecode.c.c; path = cmu_us_kal16.c; sourceTree = "<group>"; };
		E4349F6A162C5E8700FA7F18 /* cmu_us_kal16_diphone.c */ = {isa = PBXFileReference; fileEncoding = 4; lastKnownFileType = sourcecode.c.c; path = cmu_us_kal16_diphone.c; sourceTree = "<group>"; };
		E4349F6B162C5E8700FA7F18 /* cmu_us_kal16_lpc.c */ = {isa = PBXFileReference; fileEncoding = 4; lastKnownFileType = sourcecode.c.c; path = cmu_us_kal16_lpc.c; sourceTree = "<group>"; };
		E4349F6C162C5E8700FA7F18 /* cmu_us_kal16_res.c */ = {isa = PBXFileReference; fileEncoding = 4; lastKnownFileType = sourcecode.c.c; path = cmu_us_kal16_res.c; sourceTree = "<group>"; };
		E4349F6D162C5E8700FA7F18 /* cmu_us_kal16_residx.c */ = {isa = PBXFileReference; fileEncoding = 4; lastKnownFileType = sourcecode.c.c; path = cmu_us_kal16_residx.c; sourceTree = "<group>"; };
		E4349F6E162C5E8700FA7F18 /* voxdefs.h */ = {isa = PBXFileReference; fileEncoding = 4; lastKnownFileType = sourcecode.c.h; path = voxdefs.h; sourceTree = "<group>"; };
		E4349F70162C5E8700FA7F18 /* cmu_us_rms.c */ = {isa = PBXFileReference; fileEncoding = 4; lastKnownFileType = sourcecode.c.c; path = cmu_us_rms.c; sourceTree = "<group>"; };
		E4349F71162C5E8700FA7F18 /* cmu_us_rms_cg.c */ = {isa = PBXFileReference; fileEncoding = 4; lastKnownFileType = sourcecode.c.c; path = cmu_us_rms_cg.c; sourceTree = "<group>"; };
		E4349F72162C5E8700FA7F18 /* cmu_us_rms_cg_durmodel.c */ = {isa = PBXFileReference; fileEncoding = 4; lastKnownFileType = sourcecode.c.c; path = cmu_us_rms_cg_durmodel.c; sourceTree = "<group>"; };
		E4349F73162C5E8700FA7F18 /* cmu_us_rms_cg_durmodel.h */ = {isa = PBXFileReference; fileEncoding = 4; lastKnownFileType = sourcecode.c.h; path = cmu_us_rms_cg_durmodel.h; sourceTree = "<group>"; };
		E4349F74162C5E8700FA7F18 /* cmu_us_rms_cg_f0_trees.c */ = {isa = PBXFileReference; fileEncoding = 4; lastKnownFileType = sourcecode.c.c; path = cmu_us_rms_cg_f0_trees.c; sourceTree = "<group>"; };
		E4349F75162C5E8700FA7F18 /* cmu_us_rms_cg_f0_trees.h */ = {isa = PBXFileReference; fileEncoding = 4; lastKnownFileType = sourcecode.c.h; path = cmu_us_rms_cg_f0_trees.h; sourceTree = "<group>"; };
		E4349F76162C5E8700FA7F18 /* cmu_us_rms_cg_phonestate.c */ = {isa = PBXFileReference; fileEncoding = 4; lastKnownFileType = sourcecode.c.c; path = cmu_us_rms_cg_phonestate.c; sourceTree = "<group>"; };
		E4349F77162C5E8700FA7F18 /* cmu_us_rms_cg_single_mcep_trees.c */ = {isa = PBXFileReference; fileEncoding = 4; lastKnownFileType = sourcecode.c.c; path = cmu_us_rms_cg_single_mcep_trees.c; sourceTree = "<group>"; };
		E4349F78162C5E8700FA7F18 /* cmu_us_rms_cg_single_mcep_trees.h */ = {isa = PBXFileReference; fileEncoding = 4; lastKnownFileType = sourcecode.c.h; path = cmu_us_rms_cg_single_mcep_trees.h; sourceTree = "<group>"; };
		E4349F79162C5E8700FA7F18 /* cmu_us_rms_cg_single_params.c */ = {isa = PBXFileReference; fileEncoding = 4; lastKnownFileType = sourcecode.c.c; path = cmu_us_rms_cg_single_params.c; sourceTree = "<group>"; };
		E4349F7A162C5E8700FA7F18 /* stdafx.h */ = {isa = PBXFileReference; fileEncoding = 4; lastKnownFileType = sourcecode.c.h; path = stdafx.h; sourceTree = "<group>"; };
		E4349F7B162C5E8700FA7F18 /* voxdefs.h */ = {isa = PBXFileReference; fileEncoding = 4; lastKnownFileType = sourcecode.c.h; path = voxdefs.h; sourceTree = "<group>"; };
		E4349F7D162C5E8700FA7F18 /* cmu_us_slt.c */ = {isa = PBXFileReference; fileEncoding = 4; lastKnownFileType = sourcecode.c.c; path = cmu_us_slt.c; sourceTree = "<group>"; };
		E4349F7E162C5E8700FA7F18 /* cmu_us_slt_cg.c */ = {isa = PBXFileReference; fileEncoding = 4; lastKnownFileType = sourcecode.c.c; path = cmu_us_slt_cg.c; sourceTree = "<group>"; };
		E4349F7F162C5E8700FA7F18 /* cmu_us_slt_cg_durmodel.c */ = {isa = PBXFileReference; fileEncoding = 4; lastKnownFileType = sourcecode.c.c; path = cmu_us_slt_cg_durmodel.c; sourceTree = "<group>"; };
		E4349F80162C5E8700FA7F18 /* cmu_us_slt_cg_durmodel.h */ = {isa = PBXFileReference; fileEncoding = 4; lastKnownFileType = sourcecode.c.h; path = cmu_us_slt_cg_durmodel.h; sourceTree = "<group>"; };
		E4349F81162C5E8700FA7F18 /* cmu_us_slt_cg_f0_trees.c */ = {isa = PBXFileReference; fileEncoding = 4; lastKnownFileType = sourcecode.c.c; path = cmu_us_slt_cg_f0_trees.c; sourceTree = "<group>"; };
		E4349F82162C5E8700FA7F18 /* cmu_us_slt_cg_f0_trees.h */ = {isa = PBXFileReference; fileEncoding = 4; lastKnownFileType = sourcecode.c.h; path = cmu_us_slt_cg_f0_trees.h; sourceTree = "<group>"; };
		E4349F83162C5E8700FA7F18 /* cmu_us_slt_cg_phonestate.c */ = {isa = PBXFileReference; fileEncoding = 4; lastKnownFileType = sourcecode.c.c; path = cmu_us_slt_cg_phonestate.c; sourceTree = "<group>"; };
		E4349F84162C5E8700FA7F18 /* cmu_us_slt_cg_single_mcep_trees.c */ = {isa = PBXFileReference; fileEncoding = 4; lastKnownFileType = sourcecode.c.c; path = cmu_us_slt_cg_single_mcep_trees.c; sourceTree = "<group>"; };
		E4349F85162C5E8700FA7F18 /* cmu_us_slt_cg_single_mcep_trees.h */ = {isa = PBXFileReference; fileEncoding = 4; lastKnownFileType = sourcecode.c.h; path = cmu_us_slt_cg_single_mcep_trees.h; sourceTree = "<group>"; };
		E4349F86162C5E8700FA7F18 /* cmu_us_slt_cg_single_params.c */ = {isa = PBXFileReference; fileEncoding = 4; lastKnownFileType = sourcecode.c.c; path = cmu_us_slt_cg_single_params.c; sourceTree = "<group>"; };
		E4349F87162C5E8700FA7F18 /* voxdefs.h */ = {isa = PBXFileReference; fileEncoding = 4; lastKnownFileType = sourcecode.c.h; path = voxdefs.h; sourceTree = "<group>"; };
		E4349F89162C5E8700FA7F18 /* cmu_lex.c */ = {isa = PBXFileReference; fileEncoding = 4; lastKnownFileType = sourcecode.c.c; path = cmu_lex.c; sourceTree = "<group>"; };
		E4349F8A162C5E8700FA7F18 /* cmu_lex.h */ = {isa = PBXFileReference; fileEncoding = 4; lastKnownFileType = sourcecode.c.h; path = cmu_lex.h; sourceTree = "<group>"; };
		E4349F8B162C5E8700FA7F18 /* cmu_lex_data.c */ = {isa = PBXFileReference; fileEncoding = 4; lastKnownFileType = sourcecode.c.c; path = cmu_lex_data.c; sourceTree = "<group>"; };
		E4349F8C162C5E8700FA7F18 /* cmu_lex_entries.c */ = {isa = PBXFileReference; fileEncoding = 4; lastKnownFileType = sourcecode.c.c; path = cmu_lex_entries.c; sourceTree = "<group>"; };
		E4349F8D162C5E8700FA7F18 /* cmu_lts_model.c */ = {isa = PBXFileReference; fileEncoding = 4; lastKnownFileType = sourcecode.c.c; path = cmu_lts_model.c; sourceTree = "<group>"; };
		E4349F8E162C5E8700FA7F18 /* cmu_lts_model.h */ = {isa = PBXFileReference; fileEncoding = 4; lastKnownFileType = sourcecode.c.h; path = cmu_lts_model.h; sourceTree = "<group>"; };
		E4349F8F162C5E8700FA7F18 /* cmu_lts_rules.c */ = {isa = PBXFileReference; fileEncoding = 4; lastKnownFileType = sourcecode.c.c; path = cmu_lts_rules.c; sourceTree = "<group>"; };
		E4349F90162C5E8700FA7F18 /* cmu_postlex.c */ = {isa = PBXFileReference; fileEncoding = 4; lastKnownFileType = sourcecode.c.c; path = cmu_postlex.c; sourceTree = "<group>"; };
		E4349F92162C5E8700FA7F18 /* us_aswd.c */ = {isa = PBXFileReference; fileEncoding = 4; lastKnownFileType = sourcecode.c.c; path = us_aswd.c; sourceTree = "<group>"; };
		E4349F93162C5E8700FA7F18 /* us_dur_stats.c */ = {isa = PBXFileReference; fileEncoding = 4; lastKnownFileType = sourcecode.c.c; path = us_dur_stats.c; sourceTree = "<group>"; };
		E4349F94162C5E8700FA7F18 /* us_durz_cart.c */ = {isa = PBXFileReference; fileEncoding = 4; lastKnownFileType = sourcecode.c.c; path = us_durz_cart.c; sourceTree = "<group>"; };
		E4349F95162C5E8700FA7F18 /* us_durz_cart.h */ = {isa = PBXFileReference; fileEncoding = 4; lastKnownFileType = sourcecode.c.h; path = us_durz_cart.h; sourceTree = "<group>"; };
		E4349F96162C5E8700FA7F18 /* us_expand.c */ = {isa = PBXFileReference; fileEncoding = 4; lastKnownFileType = sourcecode.c.c; path = us_expand.c; sourceTree = "<group>"; };
		E4349F97162C5E8700FA7F18 /* us_f0.h */ = {isa = PBXFileReference; fileEncoding = 4; lastKnownFileType = sourcecode.c.h; path = us_f0.h; sourceTree = "<group>"; };
		E4349F98162C5E8700FA7F18 /* us_f0_model.c */ = {isa = PBXFileReference; fileEncoding = 4; lastKnownFileType = sourcecode.c.c; path = us_f0_model.c; sourceTree = "<group>"; };
		E4349F99162C5E8700FA7F18 /* us_f0lr.c */ = {isa = PBXFileReference; fileEncoding = 4; lastKnownFileType = sourcecode.c.c; path = us_f0lr.c; sourceTree = "<group>"; };
		E4349F9A162C5E8700FA7F18 /* us_ffeatures.c */ = {isa = PBXFileReference; fileEncoding = 4; lastKnownFileType = sourcecode.c.c; path = us_ffeatures.c; sourceTree = "<group>"; };
		E4349F9B162C5E8700FA7F18 /* us_ffeatures.h */ = {isa = PBXFileReference; fileEncoding = 4; lastKnownFileType = sourcecode.c.h; path = us_ffeatures.h; sourceTree = "<group>"; };
		E4349F9C162C5E8700FA7F18 /* us_gpos.c */ = {isa = PBXFileReference; fileEncoding = 4; lastKnownFileType = sourcecode.c.c; path = us_gpos.c; sourceTree = "<group>"; };
		E4349F9D162C5E8700FA7F18 /* us_int_accent_cart.c */ = {isa = PBXFileReference; fileEncoding = 4; lastKnownFileType = sourcecode.c.c; path = us_int_accent_cart.c; sourceTree = "<group>"; };
		E4349F9E162C5E8700FA7F18 /* us_int_accent_cart.h */ = {isa = PBXFileReference; fileEncoding = 4; lastKnownFileType = sourcecode.c.h; path = us_int_accent_cart.h; sourceTree = "<group>"; };
		E4349F9F162C5E8700FA7F18 /* us_int_tone_cart.c */ = {isa = PBXFileReference; fileEncoding = 4; lastKnownFileType = sourcecode.c.c; path = us_int_tone_cart.c; sourceTree = "<group>"; };
		E4349FA0162C5E8700FA7F18 /* us_int_tone_cart.h */ = {isa = PBXFileReference; fileEncoding = 4; lastKnownFileType = sourcecode.c.h; path = us_int_tone_cart.h; sourceTree = "<group>"; };
		E4349FA1162C5E8700FA7F18 /* us_nums_cart.c */ = {isa = PBXFileReference; fileEncoding = 4; lastKnownFileType = sourcecode.c.c; path = us_nums_cart.c; sourceTree = "<group>"; };
		E4349FA2162C5E8700FA7F18 /* us_nums_cart.h */ = {isa = PBXFileReference; fileEncoding = 4; lastKnownFileType = sourcecode.c.h; path = us_nums_cart.h; sourceTree = "<group>"; };
		E4349FA3162C5E8700FA7F18 /* us_phoneset.c */ = {isa = PBXFileReference; fileEncoding = 4; lastKnownFileType = sourcecode.c.c; path = us_phoneset.c; sourceTree = "<group>"; };
		E4349FA4162C5E8700FA7F18 /* us_phrasing_cart.c */ = {isa = PBXFileReference; fileEncoding = 4; lastKnownFileType = sourcecode.c.c; path = us_phrasing_cart.c; sourceTree = "<group>"; };
		E4349FA5162C5E8700FA7F18 /* us_phrasing_cart.h */ = {isa = PBXFileReference; fileEncoding = 4; lastKnownFileType = sourcecode.c.h; path = us_phrasing_cart.h; sourceTree = "<group>"; };
		E4349FA6162C5E8700FA7F18 /* us_pos.tree */ = {isa = PBXFileReference; fileEncoding = 4; lastKnownFileType = text; path = us_pos.tree; sourceTree = "<group>"; };
		E4349FA7162C5E8700FA7F18 /* us_pos_cart.c */ = {isa = PBXFileReference; fileEncoding = 4; lastKnownFileType = sourcecode.c.c; path = us_pos_cart.c; sourceTree = "<group>"; };
		E4349FA8162C5E8700FA7F18 /* us_pos_cart.h */ = {isa = PBXFileReference; fileEncoding = 4; lastKnownFileType = sourcecode.c.h; path = us_pos_cart.h; sourceTree = "<group>"; };
		E4349FA9162C5E8700FA7F18 /* us_regexes.h */ = {isa = PBXFileReference; fileEncoding = 4; lastKnownFileType = sourcecode.c.h; path = us_regexes.h; sourceTree = "<group>"; };
		E4349FAA162C5E8700FA7F18 /* us_text.c */ = {isa = PBXFileReference; fileEncoding = 4; lastKnownFileType = sourcecode.c.c; path = us_text.c; sourceTree = "<group>"; };
		E4349FAB162C5E8700FA7F18 /* us_text.h */ = {isa = PBXFileReference; fileEncoding = 4; lastKnownFileType = sourcecode.c.h; path = us_text.h; sourceTree = "<group>"; };
		E4349FAC162C5E8700FA7F18 /* usenglish.c */ = {isa = PBXFileReference; fileEncoding = 4; lastKnownFileType = sourcecode.c.c; path = usenglish.c; sourceTree = "<group>"; };
		E4349FAD162C5E8700FA7F18 /* usenglish.h */ = {isa = PBXFileReference; fileEncoding = 4; lastKnownFileType = sourcecode.c.h; path = usenglish.h; sourceTree = "<group>"; };
		E43F4F8A16F01777003A9201 /* NLE_spatialint_level2.txt */ = {isa = PBXFileReference; fileEncoding = 4; lastKnownFileType = text; path = NLE_spatialint_level2.txt; sourceTree = "<group>"; };
/* End PBXFileReference section */

/* Begin PBXFrameworksBuildPhase section */
		72F7DF091567EA4000500D63 /* Frameworks */ = {
			isa = PBXFrameworksBuildPhase;
			buildActionMask = 2147483647;
			files = (
				72C783A115C9ED0800378319 /* AVFoundation.framework in Frameworks */,
				724F080E15741F1F007082CE /* QuartzCore.framework in Frameworks */,
				724F080C15741858007082CE /* Security.framework in Frameworks */,
				72F7DF111567EA4000500D63 /* UIKit.framework in Frameworks */,
				72F7DF131567EA4000500D63 /* Foundation.framework in Frameworks */,
				72F7DF151567EA4000500D63 /* CoreGraphics.framework in Frameworks */,
				7291AFC41658C4130076F9F5 /* DropboxSDK.framework in Frameworks */,
			);
			runOnlyForDeploymentPostprocessing = 0;
		};
/* End PBXFrameworksBuildPhase section */

/* Begin PBXGroup section */
		72F7DF011567EA4000500D63 = {
			isa = PBXGroup;
			children = (
				72F7DF161567EA4000500D63 /* engagement */,
				72F7DF0F1567EA4000500D63 /* Frameworks */,
				72F7DF0D1567EA4000500D63 /* Products */,
			);
			sourceTree = "<group>";
		};
		72F7DF0D1567EA4000500D63 /* Products */ = {
			isa = PBXGroup;
			children = (
				72F7DF0C1567EA4000500D63 /* questionnairesBrianGuay.app */,
			);
			name = Products;
			sourceTree = "<group>";
		};
		72F7DF0F1567EA4000500D63 /* Frameworks */ = {
			isa = PBXGroup;
			children = (
				7291AFC31658C4130076F9F5 /* DropboxSDK.framework */,
				72C783A015C9ED0800378319 /* AVFoundation.framework */,
				724F080D15741F1F007082CE /* QuartzCore.framework */,
				724F080B15741858007082CE /* Security.framework */,
				72F7DF101567EA4000500D63 /* UIKit.framework */,
				72F7DF121567EA4000500D63 /* Foundation.framework */,
				72F7DF141567EA4000500D63 /* CoreGraphics.framework */,
			);
			name = Frameworks;
			sourceTree = "<group>";
		};
		72F7DF161567EA4000500D63 /* engagement */ = {
			isa = PBXGroup;
			children = (
				72A6B0E215EFC3B000BAC90A /* audioNumberLine.h */,
				72A6B0E315EFC3B000BAC90A /* audioNumberLine.m */,
				7216B001165B2DE800B78D18 /* pAudioNumberline.h */,
				7216B002165B2DE900B78D18 /* pAudioNumberline.m */,
				722844B715E1B58C004401CA /* badInFile.h */,
				722844B815E1B58C004401CA /* badInFile.m */,
				E4349EFD162C5DE100FA7F18 /* branchOut.h */,
				E4349EFA162C5DD600FA7F18 /* branchOut.m */,
				7295459E1656DC5700DBBC0F /* branchTo.h */,
				7295459F1656DC5700DBBC0F /* branchTo.m */,
				72ABB16C164B58B00088FE74 /* engagement-Info.plist */,
				72F7DF1F1567EA4100500D63 /* engagementAppDelegate.h */,
				72F7DF201567EA4100500D63 /* engagementAppDelegate.m */,
				72F7DF281567EA4100500D63 /* engagementViewController.h */,
				72F7DF291567EA4100500D63 /* engagementViewController.m */,
				729BE1C315F9BAF400F920B8 /* feedback.h */,
				729BE1C415F9BAF400F920B8 /* feedback.m */,
				72C7827115C9EA2700378319 /* FliteTTS.h */,
				72C7827215C9EA2700378319 /* FliteTTS.m */,
				720F5D811576702500C74BC5 /* goodbye.h */,
				720F5D821576702500C74BC5 /* goodbye.m */,
				724118A31580EB7E002FC139 /* instruction.h */,
				724118A41580EB7E002FC139 /* instruction.m */,
				72FCAD2A161D44BB007E4242 /* instruction2.h */,
				72FCAD2B161D44BB007E4242 /* instruction2.m */,
				72F7DF251567EA4100500D63 /* MainStoryboard_iPad.storyboard */,
				724118A71580F03A002FC139 /* multipleChoice.h */,
				E4349EFE162C5DFE00FA7F18 /* multipleChoice.m */,
				7264E49715796595000784A2 /* newSlider.h */,
				7264E49815796595000784A2 /* newSlider.m */,
				72936CF415EC591A00AFDC0A /* noAnimationSegue.h */,
				72936CF515EC591A00AFDC0A /* noAnimationSegue.m */,
				727362CD1580E0C600F4B689 /* numberFill.h */,
				727362CE1580E0C600F4B689 /* numberFill.m */,
				7217E46B15B9B2EF00B09FD6 /* picture.h */,
				7217E46C15B9B2EF00B09FD6 /* picture.m */,
				72F7DF401567F00F00500D63 /* QuestionData.h */,
				72F7DF411567F01000500D63 /* QuestionData.m */,
				727B54FE157E55DA004D13D1 /* questionParser.h */,
				727B54FF157E55DA004D13D1 /* questionParser.m */,
				72BB7865158142C200047EEA /* questionSelector.h */,
				72BB7866158142C200047EEA /* questionSelector.m */,
				7216AFFD165B233F00B78D18 /* pSpeech.h */,
				7216AFFE165B233F00B78D18 /* pSpeech.m */,
				72C7826B15C9E39C00378319 /* speech.h */,
				72C7826C15C9E39C00378319 /* speech.m */,
				72F7DF171567EA4100500D63 /* Supporting Files */,
				72A306FF15FA3CA200749E14 /* titration.h */,
				72A3070015FA3CA200749E14 /* titration.m */,
				729545A21656E4BA00DBBC0F /* titrationBranch.h */,
				729545A31656E4BA00DBBC0F /* titrationBranch.m */,
				72973526157F6D640051AD29 /* wordFill.h */,
				72973527157F6D640051AD29 /* wordFill.m */,
			);
			path = engagement;
			sourceTree = "<group>";
		};
		72F7DF171567EA4100500D63 /* Supporting Files */ = {
			isa = PBXGroup;
			children = (
				E43F4F8A16F01777003A9201 /* NLE_spatialint_level2.txt */,
				E4349F00162C5E8700FA7F18 /* flite-1.4-iphone */,
				72F7DF1E1567EA4100500D63 /* engagement-Prefix.pch */,
				72F7DF191567EA4100500D63 /* InfoPlist.strings */,
				72F7DF1C1567EA4100500D63 /* main.m */,
			);
			name = "Supporting Files";
			sourceTree = "<group>";
		};
		E4349F00162C5E8700FA7F18 /* flite-1.4-iphone */ = {
			isa = PBXGroup;
			children = (
				E4349F01162C5E8700FA7F18 /* include */,
				E4349F29162C5E8700FA7F18 /* src */,
				E4349F54162C5E8700FA7F18 /* voices */,
			);
			name = "flite-1.4-iphone";
			path = "sfoster-iphone-tts-a6502c779cd3/flite-1.4-iphone";
			sourceTree = "<group>";
		};
		E4349F01162C5E8700FA7F18 /* include */ = {
			isa = PBXGroup;
			children = (
				E4349F02162C5E8700FA7F18 /* cst_alloc.h */,
				E4349F03162C5E8700FA7F18 /* cst_audio.h */,
				E4349F04162C5E8700FA7F18 /* cst_cart.h */,
				E4349F05162C5E8700FA7F18 /* cst_cg.h */,
				E4349F06162C5E8700FA7F18 /* cst_diphone.h */,
				E4349F07162C5E8700FA7F18 /* cst_endian.h */,
				E4349F08162C5E8700FA7F18 /* cst_error.h */,
				E4349F09162C5E8700FA7F18 /* cst_features.h */,
				E4349F0A162C5E8700FA7F18 /* cst_ffeatures.h */,
				E4349F0B162C5E8700FA7F18 /* cst_file.h */,
				E4349F0C162C5E8700FA7F18 /* cst_hrg.h */,
				E4349F0D162C5E8700FA7F18 /* cst_item.h */,
				E4349F0E162C5E8700FA7F18 /* cst_lexicon.h */,
				E4349F0F162C5E8700FA7F18 /* cst_lts.h */,
				E4349F10162C5E8700FA7F18 /* cst_math.h */,
				E4349F11162C5E8700FA7F18 /* cst_mlpg.h */,
				E4349F12162C5E8700FA7F18 /* cst_mlsa.h */,
				E4349F13162C5E8700FA7F18 /* cst_phoneset.h */,
				E4349F14162C5E8700FA7F18 /* cst_regex.h */,
				E4349F15162C5E8700FA7F18 /* cst_regex_defs.h */,
				E4349F16162C5E8700FA7F18 /* cst_relation.h */,
				E4349F17162C5E8700FA7F18 /* cst_sigpr.h */,
				E4349F18162C5E8700FA7F18 /* cst_string.h */,
				E4349F19162C5E8700FA7F18 /* cst_sts.h */,
				E4349F1A162C5E8700FA7F18 /* cst_synth.h */,
				E4349F1B162C5E8700FA7F18 /* cst_tokenstream.h */,
				E4349F1C162C5E8700FA7F18 /* cst_track.h */,
				E4349F1D162C5E8700FA7F18 /* cst_units.h */,
				E4349F1E162C5E8700FA7F18 /* cst_utt_utils.h */,
				E4349F1F162C5E8700FA7F18 /* cst_utterance.h */,
				E4349F20162C5E8700FA7F18 /* cst_val.h */,
				E4349F21162C5E8700FA7F18 /* cst_val_const.h */,
				E4349F22162C5E8700FA7F18 /* cst_val_defs.h */,
				E4349F23162C5E8700FA7F18 /* cst_vc.h */,
				E4349F24162C5E8700FA7F18 /* cst_viterbi.h */,
				E4349F25162C5E8700FA7F18 /* cst_voice.h */,
				E4349F26162C5E8700FA7F18 /* cst_wave.h */,
				E4349F27162C5E8700FA7F18 /* flite.h */,
				E4349F28162C5E8700FA7F18 /* native_audio.h */,
			);
			path = include;
			sourceTree = "<group>";
		};
		E4349F29162C5E8700FA7F18 /* src */ = {
			isa = PBXGroup;
			children = (
				E4349F2A162C5E8700FA7F18 /* au_none.c */,
				E4349F2B162C5E8700FA7F18 /* au_streaming.c */,
				E4349F2C162C5E8700FA7F18 /* audio.c */,
				E4349F2D162C5E8700FA7F18 /* cst_alloc.c */,
				E4349F2E162C5E8700FA7F18 /* cst_cart.c */,
				E4349F2F162C5E8700FA7F18 /* cst_cg.c */,
				E4349F30162C5E8700FA7F18 /* cst_diphone.c */,
				E4349F31162C5E8700FA7F18 /* cst_endian.c */,
				E4349F32162C5E8700FA7F18 /* cst_error.c */,
				E4349F33162C5E8700FA7F18 /* cst_features.c */,
				E4349F34162C5E8700FA7F18 /* cst_ffeature.c */,
				E4349F35162C5E8700FA7F18 /* cst_ffeatures.c */,
				E4349F36162C5E8700FA7F18 /* cst_file_stdio.c */,
				E4349F37162C5E8700FA7F18 /* cst_item.c */,
				E4349F38162C5E8700FA7F18 /* cst_lexicon.c */,
				E4349F39162C5E8700FA7F18 /* cst_lpcres.c */,
				E4349F3A162C5E8700FA7F18 /* cst_lts.c */,
				E4349F3B162C5E8700FA7F18 /* cst_mlpg.c */,
				E4349F3C162C5E8700FA7F18 /* cst_mlsa.c */,
				E4349F3D162C5E8700FA7F18 /* cst_phoneset.c */,
				E4349F3E162C5E8700FA7F18 /* cst_regex.c */,
				E4349F3F162C5E8700FA7F18 /* cst_relation.c */,
				E4349F40162C5E8700FA7F18 /* cst_sigpr.c */,
				E4349F41162C5E8700FA7F18 /* cst_string.c */,
				E4349F42162C5E8700FA7F18 /* cst_sts.c */,
				E4349F43162C5E8700FA7F18 /* cst_synth.c */,
				E4349F44162C5E8700FA7F18 /* cst_tokenstream.c */,
				E4349F45162C5E8700FA7F18 /* cst_track.c */,
				E4349F46162C5E8700FA7F18 /* cst_units.c */,
				E4349F47162C5E8700FA7F18 /* cst_utt_utils.c */,
				E4349F48162C5E8700FA7F18 /* cst_utterance.c */,
				E4349F49162C5E8700FA7F18 /* cst_val.c */,
				E4349F4A162C5E8700FA7F18 /* cst_val_const.c */,
				E4349F4B162C5E8700FA7F18 /* cst_val_user.c */,
				E4349F4C162C5E8700FA7F18 /* cst_vc.c */,
				E4349F4D162C5E8700FA7F18 /* cst_voice.c */,
				E4349F4E162C5E8700FA7F18 /* cst_wave.c */,
				E4349F4F162C5E8700FA7F18 /* cst_wave_io.c */,
				E4349F50162C5E8700FA7F18 /* cst_wave_utils.c */,
				E4349F51162C5E8700FA7F18 /* flite.c */,
				E4349F52162C5E8700FA7F18 /* rateconv.c */,
				E4349F53162C5E8700FA7F18 /* regexp.c */,
			);
			path = src;
			sourceTree = "<group>";
		};
		E4349F54162C5E8700FA7F18 /* voices */ = {
			isa = PBXGroup;
			children = (
				E4349F55162C5E8700FA7F18 /* cmu_us_awb */,
				E4349F61162C5E8700FA7F18 /* cmu_us_kal */,
				E4349F68162C5E8700FA7F18 /* cmu_us_kal16 */,
				E4349F6F162C5E8700FA7F18 /* cmu_us_rms */,
				E4349F7C162C5E8700FA7F18 /* cmu_us_slt */,
				E4349F88162C5E8700FA7F18 /* cmulex */,
				E4349F91162C5E8700FA7F18 /* usenglish */,
			);
			path = voices;
			sourceTree = "<group>";
		};
		E4349F55162C5E8700FA7F18 /* cmu_us_awb */ = {
			isa = PBXGroup;
			children = (
				E4349F56162C5E8700FA7F18 /* cmu_us_awb.c */,
				E4349F57162C5E8700FA7F18 /* cmu_us_awb_cg.c */,
				E4349F58162C5E8700FA7F18 /* cmu_us_awb_cg_durmodel.c */,
				E4349F59162C5E8700FA7F18 /* cmu_us_awb_cg_durmodel.h */,
				E4349F5A162C5E8700FA7F18 /* cmu_us_awb_cg_f0_trees.c */,
				E4349F5B162C5E8700FA7F18 /* cmu_us_awb_cg_f0_trees.h */,
				E4349F5C162C5E8700FA7F18 /* cmu_us_awb_cg_phonestate.c */,
				E4349F5D162C5E8700FA7F18 /* cmu_us_awb_cg_single_mcep_trees.c */,
				E4349F5E162C5E8700FA7F18 /* cmu_us_awb_cg_single_mcep_trees.h */,
				E4349F5F162C5E8700FA7F18 /* cmu_us_awb_cg_single_params.c */,
				E4349F60162C5E8700FA7F18 /* voxdefs.h */,
			);
			path = cmu_us_awb;
			sourceTree = "<group>";
		};
		E4349F61162C5E8700FA7F18 /* cmu_us_kal */ = {
			isa = PBXGroup;
			children = (
				E4349F62162C5E8700FA7F18 /* cmu_us_kal.c */,
				E4349F63162C5E8700FA7F18 /* cmu_us_kal_diphone.c */,
				E4349F64162C5E8700FA7F18 /* cmu_us_kal_lpc.c */,
				E4349F65162C5E8700FA7F18 /* cmu_us_kal_res.c */,
				E4349F66162C5E8700FA7F18 /* cmu_us_kal_residx.c */,
				E4349F67162C5E8700FA7F18 /* voxdefs.h */,
			);
			path = cmu_us_kal;
			sourceTree = "<group>";
		};
		E4349F68162C5E8700FA7F18 /* cmu_us_kal16 */ = {
			isa = PBXGroup;
			children = (
				E4349F69162C5E8700FA7F18 /* cmu_us_kal16.c */,
				E4349F6A162C5E8700FA7F18 /* cmu_us_kal16_diphone.c */,
				E4349F6B162C5E8700FA7F18 /* cmu_us_kal16_lpc.c */,
				E4349F6C162C5E8700FA7F18 /* cmu_us_kal16_res.c */,
				E4349F6D162C5E8700FA7F18 /* cmu_us_kal16_residx.c */,
				E4349F6E162C5E8700FA7F18 /* voxdefs.h */,
			);
			path = cmu_us_kal16;
			sourceTree = "<group>";
		};
		E4349F6F162C5E8700FA7F18 /* cmu_us_rms */ = {
			isa = PBXGroup;
			children = (
				E4349F70162C5E8700FA7F18 /* cmu_us_rms.c */,
				E4349F71162C5E8700FA7F18 /* cmu_us_rms_cg.c */,
				E4349F72162C5E8700FA7F18 /* cmu_us_rms_cg_durmodel.c */,
				E4349F73162C5E8700FA7F18 /* cmu_us_rms_cg_durmodel.h */,
				E4349F74162C5E8700FA7F18 /* cmu_us_rms_cg_f0_trees.c */,
				E4349F75162C5E8700FA7F18 /* cmu_us_rms_cg_f0_trees.h */,
				E4349F76162C5E8700FA7F18 /* cmu_us_rms_cg_phonestate.c */,
				E4349F77162C5E8700FA7F18 /* cmu_us_rms_cg_single_mcep_trees.c */,
				E4349F78162C5E8700FA7F18 /* cmu_us_rms_cg_single_mcep_trees.h */,
				E4349F79162C5E8700FA7F18 /* cmu_us_rms_cg_single_params.c */,
				E4349F7A162C5E8700FA7F18 /* stdafx.h */,
				E4349F7B162C5E8700FA7F18 /* voxdefs.h */,
			);
			path = cmu_us_rms;
			sourceTree = "<group>";
		};
		E4349F7C162C5E8700FA7F18 /* cmu_us_slt */ = {
			isa = PBXGroup;
			children = (
				E4349F7D162C5E8700FA7F18 /* cmu_us_slt.c */,
				E4349F7E162C5E8700FA7F18 /* cmu_us_slt_cg.c */,
				E4349F7F162C5E8700FA7F18 /* cmu_us_slt_cg_durmodel.c */,
				E4349F80162C5E8700FA7F18 /* cmu_us_slt_cg_durmodel.h */,
				E4349F81162C5E8700FA7F18 /* cmu_us_slt_cg_f0_trees.c */,
				E4349F82162C5E8700FA7F18 /* cmu_us_slt_cg_f0_trees.h */,
				E4349F83162C5E8700FA7F18 /* cmu_us_slt_cg_phonestate.c */,
				E4349F84162C5E8700FA7F18 /* cmu_us_slt_cg_single_mcep_trees.c */,
				E4349F85162C5E8700FA7F18 /* cmu_us_slt_cg_single_mcep_trees.h */,
				E4349F86162C5E8700FA7F18 /* cmu_us_slt_cg_single_params.c */,
				E4349F87162C5E8700FA7F18 /* voxdefs.h */,
			);
			path = cmu_us_slt;
			sourceTree = "<group>";
		};
		E4349F88162C5E8700FA7F18 /* cmulex */ = {
			isa = PBXGroup;
			children = (
				E4349F89162C5E8700FA7F18 /* cmu_lex.c */,
				E4349F8A162C5E8700FA7F18 /* cmu_lex.h */,
				E4349F8B162C5E8700FA7F18 /* cmu_lex_data.c */,
				E4349F8C162C5E8700FA7F18 /* cmu_lex_entries.c */,
				E4349F8D162C5E8700FA7F18 /* cmu_lts_model.c */,
				E4349F8E162C5E8700FA7F18 /* cmu_lts_model.h */,
				E4349F8F162C5E8700FA7F18 /* cmu_lts_rules.c */,
				E4349F90162C5E8700FA7F18 /* cmu_postlex.c */,
			);
			path = cmulex;
			sourceTree = "<group>";
		};
		E4349F91162C5E8700FA7F18 /* usenglish */ = {
			isa = PBXGroup;
			children = (
				E4349F92162C5E8700FA7F18 /* us_aswd.c */,
				E4349F93162C5E8700FA7F18 /* us_dur_stats.c */,
				E4349F94162C5E8700FA7F18 /* us_durz_cart.c */,
				E4349F95162C5E8700FA7F18 /* us_durz_cart.h */,
				E4349F96162C5E8700FA7F18 /* us_expand.c */,
				E4349F97162C5E8700FA7F18 /* us_f0.h */,
				E4349F98162C5E8700FA7F18 /* us_f0_model.c */,
				E4349F99162C5E8700FA7F18 /* us_f0lr.c */,
				E4349F9A162C5E8700FA7F18 /* us_ffeatures.c */,
				E4349F9B162C5E8700FA7F18 /* us_ffeatures.h */,
				E4349F9C162C5E8700FA7F18 /* us_gpos.c */,
				E4349F9D162C5E8700FA7F18 /* us_int_accent_cart.c */,
				E4349F9E162C5E8700FA7F18 /* us_int_accent_cart.h */,
				E4349F9F162C5E8700FA7F18 /* us_int_tone_cart.c */,
				E4349FA0162C5E8700FA7F18 /* us_int_tone_cart.h */,
				E4349FA1162C5E8700FA7F18 /* us_nums_cart.c */,
				E4349FA2162C5E8700FA7F18 /* us_nums_cart.h */,
				E4349FA3162C5E8700FA7F18 /* us_phoneset.c */,
				E4349FA4162C5E8700FA7F18 /* us_phrasing_cart.c */,
				E4349FA5162C5E8700FA7F18 /* us_phrasing_cart.h */,
				E4349FA6162C5E8700FA7F18 /* us_pos.tree */,
				E4349FA7162C5E8700FA7F18 /* us_pos_cart.c */,
				E4349FA8162C5E8700FA7F18 /* us_pos_cart.h */,
				E4349FA9162C5E8700FA7F18 /* us_regexes.h */,
				E4349FAA162C5E8700FA7F18 /* us_text.c */,
				E4349FAB162C5E8700FA7F18 /* us_text.h */,
				E4349FAC162C5E8700FA7F18 /* usenglish.c */,
				E4349FAD162C5E8700FA7F18 /* usenglish.h */,
			);
			path = usenglish;
			sourceTree = "<group>";
		};
/* End PBXGroup section */

/* Begin PBXNativeTarget section */
		72F7DF0B1567EA4000500D63 /* questionnairesBrianGuay */ = {
			isa = PBXNativeTarget;
			buildConfigurationList = 72F7DF2D1567EA4100500D63 /* Build configuration list for PBXNativeTarget "questionnairesBrianGuay" */;
			buildPhases = (
				72F7DF081567EA4000500D63 /* Sources */,
				72F7DF091567EA4000500D63 /* Frameworks */,
				72F7DF0A1567EA4000500D63 /* Resources */,
			);
			buildRules = (
			);
			dependencies = (
			);
			name = questionnairesBrianGuay;
			productName = engagement;
			productReference = 72F7DF0C1567EA4000500D63 /* questionnairesBrianGuay.app */;
			productType = "com.apple.product-type.application";
		};
/* End PBXNativeTarget section */

/* Begin PBXProject section */
		72F7DF031567EA4000500D63 /* Project object */ = {
			isa = PBXProject;
			attributes = {
				LastUpgradeCheck = 0420;
			};
			buildConfigurationList = 72F7DF061567EA4000500D63 /* Build configuration list for PBXProject "engagement" */;
			compatibilityVersion = "Xcode 3.2";
			developmentRegion = English;
			hasScannedForEncodings = 0;
			knownRegions = (
				en,
				English,
			);
			mainGroup = 72F7DF011567EA4000500D63;
			productRefGroup = 72F7DF0D1567EA4000500D63 /* Products */;
			projectDirPath = "";
			projectRoot = "";
			targets = (
				72F7DF0B1567EA4000500D63 /* questionnairesBrianGuay */,
			);
		};
/* End PBXProject section */

/* Begin PBXResourcesBuildPhase section */
		72F7DF0A1567EA4000500D63 /* Resources */ = {
			isa = PBXResourcesBuildPhase;
			buildActionMask = 2147483647;
			files = (
				728B5E0C1662BF8C003FB1A2 /* InfoPlist.strings in Resources */,
				72F7DF271567EA4100500D63 /* MainStoryboard_iPad.storyboard in Resources */,
				E434A00A162C5E8700FA7F18 /* us_pos.tree in Resources */,
				E43F4F8B16F01777003A9201 /* NLE_spatialint_level2.txt in Resources */,
			);
			runOnlyForDeploymentPostprocessing = 0;
		};
/* End PBXResourcesBuildPhase section */

/* Begin PBXSourcesBuildPhase section */
		72F7DF081567EA4000500D63 /* Sources */ = {
			isa = PBXSourcesBuildPhase;
			buildActionMask = 2147483647;
			files = (
				72F7DF1D1567EA4100500D63 /* main.m in Sources */,
				72F7DF211567EA4100500D63 /* engagementAppDelegate.m in Sources */,
				72F7DF2A1567EA4100500D63 /* engagementViewController.m in Sources */,
				72F7DF421567F01000500D63 /* QuestionData.m in Sources */,
				720F5D831576702500C74BC5 /* goodbye.m in Sources */,
				7264E49915796595000784A2 /* newSlider.m in Sources */,
				727B5500157E55DA004D13D1 /* questionParser.m in Sources */,
				72973528157F6D640051AD29 /* wordFill.m in Sources */,
				727362CF1580E0C600F4B689 /* numberFill.m in Sources */,
				724118A51580EB7E002FC139 /* instruction.m in Sources */,
				72BB7867158142C200047EEA /* questionSelector.m in Sources */,
				7217E46F15B9B2EF00B09FD6 /* picture.m in Sources */,
				72C7826D15C9E39C00378319 /* speech.m in Sources */,
				72C7833415C9EA2700378319 /* FliteTTS.m in Sources */,
				722844B915E1B58D004401CA /* badInFile.m in Sources */,
				72936CF615EC591A00AFDC0A /* noAnimationSegue.m in Sources */,
				72A6B0E415EFC3B100BAC90A /* audioNumberLine.m in Sources */,
				729BE1C515F9BAF400F920B8 /* feedback.m in Sources */,
				72A3070115FA3CA200749E14 /* titration.m in Sources */,
				72FCAD2C161D44BB007E4242 /* instruction2.m in Sources */,
				E4349EFB162C5DD600FA7F18 /* branchOut.m in Sources */,
				E4349EFF162C5DFE00FA7F18 /* multipleChoice.m in Sources */,
				E4349FAE162C5E8700FA7F18 /* au_none.c in Sources */,
				E4349FAF162C5E8700FA7F18 /* au_streaming.c in Sources */,
				E4349FB0162C5E8700FA7F18 /* audio.c in Sources */,
				E4349FB1162C5E8700FA7F18 /* cst_alloc.c in Sources */,
				E4349FB2162C5E8700FA7F18 /* cst_cart.c in Sources */,
				E4349FB3162C5E8700FA7F18 /* cst_cg.c in Sources */,
				E4349FB4162C5E8700FA7F18 /* cst_diphone.c in Sources */,
				E4349FB5162C5E8700FA7F18 /* cst_endian.c in Sources */,
				E4349FB6162C5E8700FA7F18 /* cst_error.c in Sources */,
				E4349FB7162C5E8700FA7F18 /* cst_features.c in Sources */,
				E4349FB8162C5E8700FA7F18 /* cst_ffeature.c in Sources */,
				E4349FB9162C5E8700FA7F18 /* cst_ffeatures.c in Sources */,
				E4349FBA162C5E8700FA7F18 /* cst_file_stdio.c in Sources */,
				E4349FBB162C5E8700FA7F18 /* cst_item.c in Sources */,
				E4349FBC162C5E8700FA7F18 /* cst_lexicon.c in Sources */,
				E4349FBD162C5E8700FA7F18 /* cst_lpcres.c in Sources */,
				E4349FBE162C5E8700FA7F18 /* cst_lts.c in Sources */,
				E4349FBF162C5E8700FA7F18 /* cst_mlpg.c in Sources */,
				E4349FC0162C5E8700FA7F18 /* cst_mlsa.c in Sources */,
				E4349FC1162C5E8700FA7F18 /* cst_phoneset.c in Sources */,
				E4349FC2162C5E8700FA7F18 /* cst_regex.c in Sources */,
				E4349FC3162C5E8700FA7F18 /* cst_relation.c in Sources */,
				E4349FC4162C5E8700FA7F18 /* cst_sigpr.c in Sources */,
				E4349FC5162C5E8700FA7F18 /* cst_string.c in Sources */,
				E4349FC6162C5E8700FA7F18 /* cst_sts.c in Sources */,
				E4349FC7162C5E8700FA7F18 /* cst_synth.c in Sources */,
				E4349FC8162C5E8700FA7F18 /* cst_tokenstream.c in Sources */,
				E4349FC9162C5E8700FA7F18 /* cst_track.c in Sources */,
				E4349FCA162C5E8700FA7F18 /* cst_units.c in Sources */,
				E4349FCB162C5E8700FA7F18 /* cst_utt_utils.c in Sources */,
				E4349FCC162C5E8700FA7F18 /* cst_utterance.c in Sources */,
				E4349FCD162C5E8700FA7F18 /* cst_val.c in Sources */,
				E4349FCE162C5E8700FA7F18 /* cst_val_const.c in Sources */,
				E4349FCF162C5E8700FA7F18 /* cst_val_user.c in Sources */,
				E4349FD0162C5E8700FA7F18 /* cst_vc.c in Sources */,
				E4349FD1162C5E8700FA7F18 /* cst_voice.c in Sources */,
				E4349FD2162C5E8700FA7F18 /* cst_wave.c in Sources */,
				E4349FD3162C5E8700FA7F18 /* cst_wave_io.c in Sources */,
				E4349FD4162C5E8700FA7F18 /* cst_wave_utils.c in Sources */,
				E4349FD5162C5E8700FA7F18 /* flite.c in Sources */,
				E4349FD6162C5E8700FA7F18 /* rateconv.c in Sources */,
				E4349FD7162C5E8700FA7F18 /* regexp.c in Sources */,
				E4349FD8162C5E8700FA7F18 /* cmu_us_awb.c in Sources */,
				E4349FD9162C5E8700FA7F18 /* cmu_us_awb_cg.c in Sources */,
				E4349FDA162C5E8700FA7F18 /* cmu_us_awb_cg_durmodel.c in Sources */,
				E4349FDB162C5E8700FA7F18 /* cmu_us_awb_cg_f0_trees.c in Sources */,
				E4349FDC162C5E8700FA7F18 /* cmu_us_awb_cg_phonestate.c in Sources */,
				E4349FDD162C5E8700FA7F18 /* cmu_us_awb_cg_single_mcep_trees.c in Sources */,
				E4349FDE162C5E8700FA7F18 /* cmu_us_awb_cg_single_params.c in Sources */,
				E4349FDF162C5E8700FA7F18 /* cmu_us_kal.c in Sources */,
				E4349FE0162C5E8700FA7F18 /* cmu_us_kal_diphone.c in Sources */,
				E4349FE1162C5E8700FA7F18 /* cmu_us_kal_lpc.c in Sources */,
				E4349FE2162C5E8700FA7F18 /* cmu_us_kal_res.c in Sources */,
				E4349FE3162C5E8700FA7F18 /* cmu_us_kal_residx.c in Sources */,
				E4349FE4162C5E8700FA7F18 /* cmu_us_kal16.c in Sources */,
				E4349FE5162C5E8700FA7F18 /* cmu_us_kal16_diphone.c in Sources */,
				E4349FE6162C5E8700FA7F18 /* cmu_us_kal16_lpc.c in Sources */,
				E4349FE7162C5E8700FA7F18 /* cmu_us_kal16_res.c in Sources */,
				E4349FE8162C5E8700FA7F18 /* cmu_us_kal16_residx.c in Sources */,
				E4349FE9162C5E8700FA7F18 /* cmu_us_rms.c in Sources */,
				E4349FEA162C5E8700FA7F18 /* cmu_us_rms_cg.c in Sources */,
				E4349FEB162C5E8700FA7F18 /* cmu_us_rms_cg_durmodel.c in Sources */,
				E4349FEC162C5E8700FA7F18 /* cmu_us_rms_cg_f0_trees.c in Sources */,
				E4349FED162C5E8700FA7F18 /* cmu_us_rms_cg_phonestate.c in Sources */,
				E4349FEE162C5E8700FA7F18 /* cmu_us_rms_cg_single_mcep_trees.c in Sources */,
				E4349FEF162C5E8700FA7F18 /* cmu_us_rms_cg_single_params.c in Sources */,
				E4349FF0162C5E8700FA7F18 /* cmu_us_slt.c in Sources */,
				E4349FF1162C5E8700FA7F18 /* cmu_us_slt_cg.c in Sources */,
				E4349FF2162C5E8700FA7F18 /* cmu_us_slt_cg_durmodel.c in Sources */,
				E4349FF3162C5E8700FA7F18 /* cmu_us_slt_cg_f0_trees.c in Sources */,
				E4349FF4162C5E8700FA7F18 /* cmu_us_slt_cg_phonestate.c in Sources */,
				E4349FF5162C5E8700FA7F18 /* cmu_us_slt_cg_single_mcep_trees.c in Sources */,
				E4349FF6162C5E8700FA7F18 /* cmu_us_slt_cg_single_params.c in Sources */,
				E4349FF7162C5E8700FA7F18 /* cmu_lex.c in Sources */,
				E4349FF8162C5E8700FA7F18 /* cmu_lex_data.c in Sources */,
				E4349FF9162C5E8700FA7F18 /* cmu_lex_entries.c in Sources */,
				E4349FFA162C5E8700FA7F18 /* cmu_lts_model.c in Sources */,
				E4349FFB162C5E8700FA7F18 /* cmu_lts_rules.c in Sources */,
				E4349FFC162C5E8700FA7F18 /* cmu_postlex.c in Sources */,
				E4349FFD162C5E8700FA7F18 /* us_aswd.c in Sources */,
				E4349FFE162C5E8700FA7F18 /* us_dur_stats.c in Sources */,
				E4349FFF162C5E8700FA7F18 /* us_durz_cart.c in Sources */,
				E434A000162C5E8700FA7F18 /* us_expand.c in Sources */,
				E434A001162C5E8700FA7F18 /* us_f0_model.c in Sources */,
				E434A002162C5E8700FA7F18 /* us_f0lr.c in Sources */,
				E434A003162C5E8700FA7F18 /* us_ffeatures.c in Sources */,
				E434A004162C5E8700FA7F18 /* us_gpos.c in Sources */,
				E434A005162C5E8700FA7F18 /* us_int_accent_cart.c in Sources */,
				E434A006162C5E8700FA7F18 /* us_int_tone_cart.c in Sources */,
				E434A007162C5E8700FA7F18 /* us_nums_cart.c in Sources */,
				E434A008162C5E8700FA7F18 /* us_phoneset.c in Sources */,
				E434A009162C5E8700FA7F18 /* us_phrasing_cart.c in Sources */,
				E434A00B162C5E8700FA7F18 /* us_pos_cart.c in Sources */,
				E434A00C162C5E8700FA7F18 /* us_text.c in Sources */,
				E434A00D162C5E8700FA7F18 /* usenglish.c in Sources */,
				729545A01656DC5700DBBC0F /* branchTo.m in Sources */,
				729545A41656E4BA00DBBC0F /* titrationBranch.m in Sources */,
				7216AFFF165B233F00B78D18 /* pSpeech.m in Sources */,
				7216B003165B2DE900B78D18 /* pAudioNumberline.m in Sources */,
			);
			runOnlyForDeploymentPostprocessing = 0;
		};
/* End PBXSourcesBuildPhase section */

/* Begin PBXVariantGroup section */
		72F7DF191567EA4100500D63 /* InfoPlist.strings */ = {
			isa = PBXVariantGroup;
			children = (
				72F7DF1A1567EA4100500D63 /* en */,
			);
			name = InfoPlist.strings;
			sourceTree = "<group>";
		};
		72F7DF251567EA4100500D63 /* MainStoryboard_iPad.storyboard */ = {
			isa = PBXVariantGroup;
			children = (
				72F7DF261567EA4100500D63 /* en */,
			);
			name = MainStoryboard_iPad.storyboard;
			sourceTree = "<group>";
		};
/* End PBXVariantGroup section */

/* Begin XCBuildConfiguration section */
		72F7DF2B1567EA4100500D63 /* Debug */ = {
			isa = XCBuildConfiguration;
			buildSettings = {
				ALWAYS_SEARCH_USER_PATHS = NO;
				ARCHS = "$(ARCHS_STANDARD_32_BIT)";
				CLANG_ENABLE_OBJC_ARC = YES;
				"CODE_SIGN_IDENTITY[sdk=iphoneos*]" = "iPhone Developer";
				COPY_PHASE_STRIP = NO;
				GCC_C_LANGUAGE_STANDARD = gnu99;
				GCC_DYNAMIC_NO_PIC = NO;
				GCC_OPTIMIZATION_LEVEL = 0;
				GCC_PREPROCESSOR_DEFINITIONS = (
					"DEBUG=1",
					"$(inherited)",
				);
				GCC_SYMBOLS_PRIVATE_EXTERN = NO;
				GCC_VERSION = com.apple.compilers.llvm.clang.1_0;
				GCC_WARN_ABOUT_MISSING_PROTOTYPES = YES;
				GCC_WARN_ABOUT_RETURN_TYPE = YES;
				GCC_WARN_UNUSED_VARIABLE = YES;
				IPHONEOS_DEPLOYMENT_TARGET = 5.0;
				ONLY_ACTIVE_ARCH = NO;
				SDKROOT = iphoneos;
				TARGETED_DEVICE_FAMILY = "1,2";
			};
			name = Debug;
		};
		72F7DF2C1567EA4100500D63 /* Release */ = {
			isa = XCBuildConfiguration;
			buildSettings = {
				ALWAYS_SEARCH_USER_PATHS = NO;
				ARCHS = "$(ARCHS_STANDARD_32_BIT)";
				CLANG_ENABLE_OBJC_ARC = YES;
				"CODE_SIGN_IDENTITY[sdk=iphoneos*]" = "iPhone Developer";
				COPY_PHASE_STRIP = YES;
				GCC_C_LANGUAGE_STANDARD = gnu99;
				GCC_VERSION = com.apple.compilers.llvm.clang.1_0;
				GCC_WARN_ABOUT_MISSING_PROTOTYPES = YES;
				GCC_WARN_ABOUT_RETURN_TYPE = YES;
				GCC_WARN_UNUSED_VARIABLE = YES;
				IPHONEOS_DEPLOYMENT_TARGET = 5.0;
				ONLY_ACTIVE_ARCH = NO;
				OTHER_CFLAGS = "-DNS_BLOCK_ASSERTIONS=1";
				SDKROOT = iphoneos;
				TARGETED_DEVICE_FAMILY = "1,2";
				VALIDATE_PRODUCT = YES;
			};
			name = Release;
		};
		72F7DF2E1567EA4100500D63 /* Debug */ = {
			isa = XCBuildConfiguration;
			buildSettings = {
				FRAMEWORK_SEARCH_PATHS = (
					"$(inherited)",
					"\"$(SRCROOT)/engagement\"",
					"\"$(SRCROOT)\"",
				);
				GCC_PRECOMPILE_PREFIX_HEADER = YES;
				GCC_PREFIX_HEADER = "engagement/engagement-Prefix.pch";
				INFOPLIST_FILE = "engagement/engagement-Info.plist";
				PRODUCT_NAME = "$(TARGET_NAME)";
				TARGETED_DEVICE_FAMILY = 2;
				WRAPPER_EXTENSION = app;
			};
			name = Debug;
		};
		72F7DF2F1567EA4100500D63 /* Release */ = {
			isa = XCBuildConfiguration;
			buildSettings = {
				FRAMEWORK_SEARCH_PATHS = (
					"$(inherited)",
					"\"$(SRCROOT)/engagement\"",
					"\"$(SRCROOT)\"",
				);
				GCC_PRECOMPILE_PREFIX_HEADER = YES;
				GCC_PREFIX_HEADER = "engagement/engagement-Prefix.pch";
				INFOPLIST_FILE = "engagement/engagement-Info.plist";
				PRODUCT_NAME = "$(TARGET_NAME)";
				TARGETED_DEVICE_FAMILY = 2;
				WRAPPER_EXTENSION = app;
			};
			name = Release;
		};
/* End XCBuildConfiguration section */

/* Begin XCConfigurationList section */
		72F7DF061567EA4000500D63 /* Build configuration list for PBXProject "engagement" */ = {
			isa = XCConfigurationList;
			buildConfigurations = (
				72F7DF2B1567EA4100500D63 /* Debug */,
				72F7DF2C1567EA4100500D63 /* Release */,
			);
			defaultConfigurationIsVisible = 0;
			defaultConfigurationName = Release;
		};
		72F7DF2D1567EA4100500D63 /* Build configuration list for PBXNativeTarget "questionnairesBrianGuay" */ = {
			isa = XCConfigurationList;
			buildConfigurations = (
				72F7DF2E1567EA4100500D63 /* Debug */,
				72F7DF2F1567EA4100500D63 /* Release */,
			);
			defaultConfigurationIsVisible = 0;
			defaultConfigurationName = Release;
		};
/* End XCConfigurationList section */
	};
	rootObject = 72F7DF031567EA4000500D63 /* Project object */;
}
